// !$*UTF8*$!
{
	archiveVersion = 1;
	classes = {
	};
	objectVersion = 56;
	objects = {

/* Begin PBXBuildFile section */
		08E9578B2B2C02AD006C31AF /* Viper_ArchitectureApp.swift in Sources */ = {isa = PBXBuildFile; fileRef = 08E9578A2B2C02AD006C31AF /* Viper_ArchitectureApp.swift */; };
		08E9578D2B2C02AD006C31AF /* ContentView.swift in Sources */ = {isa = PBXBuildFile; fileRef = 08E9578C2B2C02AD006C31AF /* ContentView.swift */; };
		08E9578F2B2C02AE006C31AF /* Assets.xcassets in Resources */ = {isa = PBXBuildFile; fileRef = 08E9578E2B2C02AE006C31AF /* Assets.xcassets */; };
		08E957922B2C02AE006C31AF /* Preview Assets.xcassets in Resources */ = {isa = PBXBuildFile; fileRef = 08E957912B2C02AE006C31AF /* Preview Assets.xcassets */; };
		08E9579C2B2C02AE006C31AF /* Viper_ArchitectureTests.swift in Sources */ = {isa = PBXBuildFile; fileRef = 08E9579B2B2C02AE006C31AF /* Viper_ArchitectureTests.swift */; };
		08E957A62B2C02AE006C31AF /* Viper_ArchitectureUITests.swift in Sources */ = {isa = PBXBuildFile; fileRef = 08E957A52B2C02AE006C31AF /* Viper_ArchitectureUITests.swift */; };
		08E957A82B2C02AE006C31AF /* Viper_ArchitectureUITestsLaunchTests.swift in Sources */ = {isa = PBXBuildFile; fileRef = 08E957A72B2C02AE006C31AF /* Viper_ArchitectureUITestsLaunchTests.swift */; };
/* End PBXBuildFile section */

/* Begin PBXContainerItemProxy section */
		08E957982B2C02AE006C31AF /* PBXContainerItemProxy */ = {
			isa = PBXContainerItemProxy;
			containerPortal = 08E9577F2B2C02AD006C31AF /* Project object */;
			proxyType = 1;
			remoteGlobalIDString = 08E957862B2C02AD006C31AF;
			remoteInfo = "Viper Architecture";
		};
		08E957A22B2C02AE006C31AF /* PBXContainerItemProxy */ = {
			isa = PBXContainerItemProxy;
			containerPortal = 08E9577F2B2C02AD006C31AF /* Project object */;
			proxyType = 1;
			remoteGlobalIDString = 08E957862B2C02AD006C31AF;
			remoteInfo = "Viper Architecture";
		};
/* End PBXContainerItemProxy section */

/* Begin PBXFileReference section */
		08E957872B2C02AD006C31AF /* Viper Architecture.app */ = {isa = PBXFileReference; explicitFileType = wrapper.application; includeInIndex = 0; path = "Viper Architecture.app"; sourceTree = BUILT_PRODUCTS_DIR; };
		08E9578A2B2C02AD006C31AF /* Viper_ArchitectureApp.swift */ = {isa = PBXFileReference; lastKnownFileType = sourcecode.swift; path = Viper_ArchitectureApp.swift; sourceTree = "<group>"; };
		08E9578C2B2C02AD006C31AF /* ContentView.swift */ = {isa = PBXFileReference; lastKnownFileType = sourcecode.swift; path = ContentView.swift; sourceTree = "<group>"; };
		08E9578E2B2C02AE006C31AF /* Assets.xcassets */ = {isa = PBXFileReference; lastKnownFileType = folder.assetcatalog; path = Assets.xcassets; sourceTree = "<group>"; };
		08E957912B2C02AE006C31AF /* Preview Assets.xcassets */ = {isa = PBXFileReference; lastKnownFileType = folder.assetcatalog; path = "Preview Assets.xcassets"; sourceTree = "<group>"; };
		08E957972B2C02AE006C31AF /* Viper ArchitectureTests.xctest */ = {isa = PBXFileReference; explicitFileType = wrapper.cfbundle; includeInIndex = 0; path = "Viper ArchitectureTests.xctest"; sourceTree = BUILT_PRODUCTS_DIR; };
		08E9579B2B2C02AE006C31AF /* Viper_ArchitectureTests.swift */ = {isa = PBXFileReference; lastKnownFileType = sourcecode.swift; path = Viper_ArchitectureTests.swift; sourceTree = "<group>"; };
		08E957A12B2C02AE006C31AF /* Viper ArchitectureUITests.xctest */ = {isa = PBXFileReference; explicitFileType = wrapper.cfbundle; includeInIndex = 0; path = "Viper ArchitectureUITests.xctest"; sourceTree = BUILT_PRODUCTS_DIR; };
		08E957A52B2C02AE006C31AF /* Viper_ArchitectureUITests.swift */ = {isa = PBXFileReference; lastKnownFileType = sourcecode.swift; path = Viper_ArchitectureUITests.swift; sourceTree = "<group>"; };
		08E957A72B2C02AE006C31AF /* Viper_ArchitectureUITestsLaunchTests.swift */ = {isa = PBXFileReference; lastKnownFileType = sourcecode.swift; path = Viper_ArchitectureUITestsLaunchTests.swift; sourceTree = "<group>"; };
/* End PBXFileReference section */

/* Begin PBXFrameworksBuildPhase section */
		08E957842B2C02AD006C31AF /* Frameworks */ = {
			isa = PBXFrameworksBuildPhase;
			buildActionMask = 2147483647;
			files = (
			);
			runOnlyForDeploymentPostprocessing = 0;
		};
		08E957942B2C02AE006C31AF /* Frameworks */ = {
			isa = PBXFrameworksBuildPhase;
			buildActionMask = 2147483647;
			files = (
			);
			runOnlyForDeploymentPostprocessing = 0;
		};
		08E9579E2B2C02AE006C31AF /* Frameworks */ = {
			isa = PBXFrameworksBuildPhase;
			buildActionMask = 2147483647;
			files = (
			);
			runOnlyForDeploymentPostprocessing = 0;
		};
/* End PBXFrameworksBuildPhase section */

/* Begin PBXGroup section */
		08E9577E2B2C02AD006C31AF = {
			isa = PBXGroup;
			children = (
				08E957892B2C02AD006C31AF /* Viper Architecture */,
				08E9579A2B2C02AE006C31AF /* Viper ArchitectureTests */,
				08E957A42B2C02AE006C31AF /* Viper ArchitectureUITests */,
				08E957882B2C02AD006C31AF /* Products */,
			);
			sourceTree = "<group>";
		};
		08E957882B2C02AD006C31AF /* Products */ = {
			isa = PBXGroup;
			children = (
				08E957872B2C02AD006C31AF /* Viper Architecture.app */,
				08E957972B2C02AE006C31AF /* Viper ArchitectureTests.xctest */,
				08E957A12B2C02AE006C31AF /* Viper ArchitectureUITests.xctest */,
			);
			name = Products;
			sourceTree = "<group>";
		};
		08E957892B2C02AD006C31AF /* Viper Architecture */ = {
			isa = PBXGroup;
			children = (
				08E9578A2B2C02AD006C31AF /* Viper_ArchitectureApp.swift */,
				08E9578C2B2C02AD006C31AF /* ContentView.swift */,
				08E9578E2B2C02AE006C31AF /* Assets.xcassets */,
				08E957902B2C02AE006C31AF /* Preview Content */,
			);
			path = "Viper Architecture";
			sourceTree = "<group>";
		};
		08E957902B2C02AE006C31AF /* Preview Content */ = {
			isa = PBXGroup;
			children = (
				08E957912B2C02AE006C31AF /* Preview Assets.xcassets */,
			);
			path = "Preview Content";
			sourceTree = "<group>";
		};
		08E9579A2B2C02AE006C31AF /* Viper ArchitectureTests */ = {
			isa = PBXGroup;
			children = (
				08E9579B2B2C02AE006C31AF /* Viper_ArchitectureTests.swift */,
			);
			path = "Viper ArchitectureTests";
			sourceTree = "<group>";
		};
		08E957A42B2C02AE006C31AF /* Viper ArchitectureUITests */ = {
			isa = PBXGroup;
			children = (
				08E957A52B2C02AE006C31AF /* Viper_ArchitectureUITests.swift */,
				08E957A72B2C02AE006C31AF /* Viper_ArchitectureUITestsLaunchTests.swift */,
			);
			path = "Viper ArchitectureUITests";
			sourceTree = "<group>";
		};
/* End PBXGroup section */

/* Begin PBXNativeTarget section */
		08E957862B2C02AD006C31AF /* Viper Architecture */ = {
			isa = PBXNativeTarget;
			buildConfigurationList = 08E957AB2B2C02AE006C31AF /* Build configuration list for PBXNativeTarget "Viper Architecture" */;
			buildPhases = (
				08E957832B2C02AD006C31AF /* Sources */,
				08E957842B2C02AD006C31AF /* Frameworks */,
				08E957852B2C02AD006C31AF /* Resources */,
			);
			buildRules = (
			);
			dependencies = (
			);
			name = "Viper Architecture";
			productName = "Viper Architecture";
			productReference = 08E957872B2C02AD006C31AF /* Viper Architecture.app */;
			productType = "com.apple.product-type.application";
		};
		08E957962B2C02AE006C31AF /* Viper ArchitectureTests */ = {
			isa = PBXNativeTarget;
			buildConfigurationList = 08E957AE2B2C02AE006C31AF /* Build configuration list for PBXNativeTarget "Viper ArchitectureTests" */;
			buildPhases = (
				08E957932B2C02AE006C31AF /* Sources */,
				08E957942B2C02AE006C31AF /* Frameworks */,
				08E957952B2C02AE006C31AF /* Resources */,
			);
			buildRules = (
			);
			dependencies = (
				08E957992B2C02AE006C31AF /* PBXTargetDependency */,
			);
			name = "Viper ArchitectureTests";
			productName = "Viper ArchitectureTests";
			productReference = 08E957972B2C02AE006C31AF /* Viper ArchitectureTests.xctest */;
			productType = "com.apple.product-type.bundle.unit-test";
		};
		08E957A02B2C02AE006C31AF /* Viper ArchitectureUITests */ = {
			isa = PBXNativeTarget;
			buildConfigurationList = 08E957B12B2C02AE006C31AF /* Build configuration list for PBXNativeTarget "Viper ArchitectureUITests" */;
			buildPhases = (
				08E9579D2B2C02AE006C31AF /* Sources */,
				08E9579E2B2C02AE006C31AF /* Frameworks */,
				08E9579F2B2C02AE006C31AF /* Resources */,
			);
			buildRules = (
			);
			dependencies = (
				08E957A32B2C02AE006C31AF /* PBXTargetDependency */,
			);
			name = "Viper ArchitectureUITests";
			productName = "Viper ArchitectureUITests";
			productReference = 08E957A12B2C02AE006C31AF /* Viper ArchitectureUITests.xctest */;
			productType = "com.apple.product-type.bundle.ui-testing";
		};
/* End PBXNativeTarget section */

/* Begin PBXProject section */
		08E9577F2B2C02AD006C31AF /* Project object */ = {
			isa = PBXProject;
			attributes = {
				BuildIndependentTargetsInParallel = 1;
				LastSwiftUpdateCheck = 1500;
				LastUpgradeCheck = 1500;
				TargetAttributes = {
					08E957862B2C02AD006C31AF = {
						CreatedOnToolsVersion = 15.0;
					};
					08E957962B2C02AE006C31AF = {
						CreatedOnToolsVersion = 15.0;
						TestTargetID = 08E957862B2C02AD006C31AF;
					};
					08E957A02B2C02AE006C31AF = {
						CreatedOnToolsVersion = 15.0;
						TestTargetID = 08E957862B2C02AD006C31AF;
					};
				};
			};
			buildConfigurationList = 08E957822B2C02AD006C31AF /* Build configuration list for PBXProject "Viper Architecture" */;
			compatibilityVersion = "Xcode 14.0";
			developmentRegion = en;
			hasScannedForEncodings = 0;
			knownRegions = (
				en,
				Base,
			);
			mainGroup = 08E9577E2B2C02AD006C31AF;
			productRefGroup = 08E957882B2C02AD006C31AF /* Products */;
			projectDirPath = "";
			projectRoot = "";
			targets = (
				08E957862B2C02AD006C31AF /* Viper Architecture */,
				08E957962B2C02AE006C31AF /* Viper ArchitectureTests */,
				08E957A02B2C02AE006C31AF /* Viper ArchitectureUITests */,
			);
		};
/* End PBXProject section */

/* Begin PBXResourcesBuildPhase section */
		08E957852B2C02AD006C31AF /* Resources */ = {
			isa = PBXResourcesBuildPhase;
			buildActionMask = 2147483647;
			files = (
				08E957922B2C02AE006C31AF /* Preview Assets.xcassets in Resources */,
				08E9578F2B2C02AE006C31AF /* Assets.xcassets in Resources */,
			);
			runOnlyForDeploymentPostprocessing = 0;
		};
		08E957952B2C02AE006C31AF /* Resources */ = {
			isa = PBXResourcesBuildPhase;
			buildActionMask = 2147483647;
			files = (
			);
			runOnlyForDeploymentPostprocessing = 0;
		};
		08E9579F2B2C02AE006C31AF /* Resources */ = {
			isa = PBXResourcesBuildPhase;
			buildActionMask = 2147483647;
			files = (
			);
			runOnlyForDeploymentPostprocessing = 0;
		};
/* End PBXResourcesBuildPhase section */

/* Begin PBXSourcesBuildPhase section */
		08E957832B2C02AD006C31AF /* Sources */ = {
			isa = PBXSourcesBuildPhase;
			buildActionMask = 2147483647;
			files = (
				08E9578D2B2C02AD006C31AF /* ContentView.swift in Sources */,
				08E9578B2B2C02AD006C31AF /* Viper_ArchitectureApp.swift in Sources */,
			);
			runOnlyForDeploymentPostprocessing = 0;
		};
		08E957932B2C02AE006C31AF /* Sources */ = {
			isa = PBXSourcesBuildPhase;
			buildActionMask = 2147483647;
			files = (
				08E9579C2B2C02AE006C31AF /* Viper_ArchitectureTests.swift in Sources */,
			);
			runOnlyForDeploymentPostprocessing = 0;
		};
		08E9579D2B2C02AE006C31AF /* Sources */ = {
			isa = PBXSourcesBuildPhase;
			buildActionMask = 2147483647;
			files = (
				08E957A82B2C02AE006C31AF /* Viper_ArchitectureUITestsLaunchTests.swift in Sources */,
				08E957A62B2C02AE006C31AF /* Viper_ArchitectureUITests.swift in Sources */,
			);
			runOnlyForDeploymentPostprocessing = 0;
		};
/* End PBXSourcesBuildPhase section */

/* Begin PBXTargetDependency section */
		08E957992B2C02AE006C31AF /* PBXTargetDependency */ = {
			isa = PBXTargetDependency;
			target = 08E957862B2C02AD006C31AF /* Viper Architecture */;
			targetProxy = 08E957982B2C02AE006C31AF /* PBXContainerItemProxy */;
		};
		08E957A32B2C02AE006C31AF /* PBXTargetDependency */ = {
			isa = PBXTargetDependency;
			target = 08E957862B2C02AD006C31AF /* Viper Architecture */;
			targetProxy = 08E957A22B2C02AE006C31AF /* PBXContainerItemProxy */;
		};
/* End PBXTargetDependency section */

/* Begin XCBuildConfiguration section */
		08E957A92B2C02AE006C31AF /* Debug */ = {
			isa = XCBuildConfiguration;
			buildSettings = {
				ALWAYS_SEARCH_USER_PATHS = NO;
				ASSETCATALOG_COMPILER_GENERATE_SWIFT_ASSET_SYMBOL_EXTENSIONS = YES;
				CLANG_ANALYZER_NONNULL = YES;
				CLANG_ANALYZER_NUMBER_OBJECT_CONVERSION = YES_AGGRESSIVE;
				CLANG_CXX_LANGUAGE_STANDARD = "gnu++20";
				CLANG_ENABLE_MODULES = YES;
				CLANG_ENABLE_OBJC_ARC = YES;
				CLANG_ENABLE_OBJC_WEAK = YES;
				CLANG_WARN_BLOCK_CAPTURE_AUTORELEASING = YES;
				CLANG_WARN_BOOL_CONVERSION = YES;
				CLANG_WARN_COMMA = YES;
				CLANG_WARN_CONSTANT_CONVERSION = YES;
				CLANG_WARN_DEPRECATED_OBJC_IMPLEMENTATIONS = YES;
				CLANG_WARN_DIRECT_OBJC_ISA_USAGE = YES_ERROR;
				CLANG_WARN_DOCUMENTATION_COMMENTS = YES;
				CLANG_WARN_EMPTY_BODY = YES;
				CLANG_WARN_ENUM_CONVERSION = YES;
				CLANG_WARN_INFINITE_RECURSION = YES;
				CLANG_WARN_INT_CONVERSION = YES;
				CLANG_WARN_NON_LITERAL_NULL_CONVERSION = YES;
				CLANG_WARN_OBJC_IMPLICIT_RETAIN_SELF = YES;
				CLANG_WARN_OBJC_LITERAL_CONVERSION = YES;
				CLANG_WARN_OBJC_ROOT_CLASS = YES_ERROR;
				CLANG_WARN_QUOTED_INCLUDE_IN_FRAMEWORK_HEADER = YES;
				CLANG_WARN_RANGE_LOOP_ANALYSIS = YES;
				CLANG_WARN_STRICT_PROTOTYPES = YES;
				CLANG_WARN_SUSPICIOUS_MOVE = YES;
				CLANG_WARN_UNGUARDED_AVAILABILITY = YES_AGGRESSIVE;
				CLANG_WARN_UNREACHABLE_CODE = YES;
				CLANG_WARN__DUPLICATE_METHOD_MATCH = YES;
				COPY_PHASE_STRIP = NO;
				DEBUG_INFORMATION_FORMAT = dwarf;
				ENABLE_STRICT_OBJC_MSGSEND = YES;
				ENABLE_TESTABILITY = YES;
				ENABLE_USER_SCRIPT_SANDBOXING = YES;
				GCC_C_LANGUAGE_STANDARD = gnu17;
				GCC_DYNAMIC_NO_PIC = NO;
				GCC_NO_COMMON_BLOCKS = YES;
				GCC_OPTIMIZATION_LEVEL = 0;
				GCC_PREPROCESSOR_DEFINITIONS = (
					"DEBUG=1",
					"$(inherited)",
				);
				GCC_WARN_64_TO_32_BIT_CONVERSION = YES;
				GCC_WARN_ABOUT_RETURN_TYPE = YES_ERROR;
				GCC_WARN_UNDECLARED_SELECTOR = YES;
				GCC_WARN_UNINITIALIZED_AUTOS = YES_AGGRESSIVE;
				GCC_WARN_UNUSED_FUNCTION = YES;
				GCC_WARN_UNUSED_VARIABLE = YES;
				IPHONEOS_DEPLOYMENT_TARGET = 17.0;
				LOCALIZATION_PREFERS_STRING_CATALOGS = YES;
				MTL_ENABLE_DEBUG_INFO = INCLUDE_SOURCE;
				MTL_FAST_MATH = YES;
				ONLY_ACTIVE_ARCH = YES;
				SDKROOT = iphoneos;
				SWIFT_ACTIVE_COMPILATION_CONDITIONS = "DEBUG $(inherited)";
				SWIFT_OPTIMIZATION_LEVEL = "-Onone";
			};
			name = Debug;
		};
		08E957AA2B2C02AE006C31AF /* Release */ = {
			isa = XCBuildConfiguration;
			buildSettings = {
				ALWAYS_SEARCH_USER_PATHS = NO;
				ASSETCATALOG_COMPILER_GENERATE_SWIFT_ASSET_SYMBOL_EXTENSIONS = YES;
				CLANG_ANALYZER_NONNULL = YES;
				CLANG_ANALYZER_NUMBER_OBJECT_CONVERSION = YES_AGGRESSIVE;
				CLANG_CXX_LANGUAGE_STANDARD = "gnu++20";
				CLANG_ENABLE_MODULES = YES;
				CLANG_ENABLE_OBJC_ARC = YES;
				CLANG_ENABLE_OBJC_WEAK = YES;
				CLANG_WARN_BLOCK_CAPTURE_AUTORELEASING = YES;
				CLANG_WARN_BOOL_CONVERSION = YES;
				CLANG_WARN_COMMA = YES;
				CLANG_WARN_CONSTANT_CONVERSION = YES;
				CLANG_WARN_DEPRECATED_OBJC_IMPLEMENTATIONS = YES;
				CLANG_WARN_DIRECT_OBJC_ISA_USAGE = YES_ERROR;
				CLANG_WARN_DOCUMENTATION_COMMENTS = YES;
				CLANG_WARN_EMPTY_BODY = YES;
				CLANG_WARN_ENUM_CONVERSION = YES;
				CLANG_WARN_INFINITE_RECURSION = YES;
				CLANG_WARN_INT_CONVERSION = YES;
				CLANG_WARN_NON_LITERAL_NULL_CONVERSION = YES;
				CLANG_WARN_OBJC_IMPLICIT_RETAIN_SELF = YES;
				CLANG_WARN_OBJC_LITERAL_CONVERSION = YES;
				CLANG_WARN_OBJC_ROOT_CLASS = YES_ERROR;
				CLANG_WARN_QUOTED_INCLUDE_IN_FRAMEWORK_HEADER = YES;
				CLANG_WARN_RANGE_LOOP_ANALYSIS = YES;
				CLANG_WARN_STRICT_PROTOTYPES = YES;
				CLANG_WARN_SUSPICIOUS_MOVE = YES;
				CLANG_WARN_UNGUARDED_AVAILABILITY = YES_AGGRESSIVE;
				CLANG_WARN_UNREACHABLE_CODE = YES;
				CLANG_WARN__DUPLICATE_METHOD_MATCH = YES;
				COPY_PHASE_STRIP = NO;
				DEBUG_INFORMATION_FORMAT = "dwarf-with-dsym";
				ENABLE_NS_ASSERTIONS = NO;
				ENABLE_STRICT_OBJC_MSGSEND = YES;
				ENABLE_USER_SCRIPT_SANDBOXING = YES;
				GCC_C_LANGUAGE_STANDARD = gnu17;
				GCC_NO_COMMON_BLOCKS = YES;
				GCC_WARN_64_TO_32_BIT_CONVERSION = YES;
				GCC_WARN_ABOUT_RETURN_TYPE = YES_ERROR;
				GCC_WARN_UNDECLARED_SELECTOR = YES;
				GCC_WARN_UNINITIALIZED_AUTOS = YES_AGGRESSIVE;
				GCC_WARN_UNUSED_FUNCTION = YES;
				GCC_WARN_UNUSED_VARIABLE = YES;
				IPHONEOS_DEPLOYMENT_TARGET = 17.0;
				LOCALIZATION_PREFERS_STRING_CATALOGS = YES;
				MTL_ENABLE_DEBUG_INFO = NO;
				MTL_FAST_MATH = YES;
				SDKROOT = iphoneos;
				SWIFT_COMPILATION_MODE = wholemodule;
				VALIDATE_PRODUCT = YES;
			};
			name = Release;
		};
		08E957AC2B2C02AE006C31AF /* Debug */ = {
			isa = XCBuildConfiguration;
			buildSettings = {
				ASSETCATALOG_COMPILER_APPICON_NAME = AppIcon;
				ASSETCATALOG_COMPILER_GLOBAL_ACCENT_COLOR_NAME = AccentColor;
				CODE_SIGN_STYLE = Automatic;
				CURRENT_PROJECT_VERSION = 1;
				DEVELOPMENT_ASSET_PATHS = "\"Viper Architecture/Preview Content\"";
				DEVELOPMENT_TEAM = 3HGJV364P5;
				ENABLE_PREVIEWS = YES;
				GENERATE_INFOPLIST_FILE = YES;
				INFOPLIST_KEY_UIApplicationSceneManifest_Generation = YES;
				INFOPLIST_KEY_UIApplicationSupportsIndirectInputEvents = YES;
				INFOPLIST_KEY_UILaunchScreen_Generation = YES;
				INFOPLIST_KEY_UISupportedInterfaceOrientations_iPad = "UIInterfaceOrientationPortrait UIInterfaceOrientationPortraitUpsideDown UIInterfaceOrientationLandscapeLeft UIInterfaceOrientationLandscapeRight";
				INFOPLIST_KEY_UISupportedInterfaceOrientations_iPhone = "UIInterfaceOrientationPortrait UIInterfaceOrientationLandscapeLeft UIInterfaceOrientationLandscapeRight";
				LD_RUNPATH_SEARCH_PATHS = (
					"$(inherited)",
					"@executable_path/Frameworks",
				);
				MARKETING_VERSION = 1.0;
				PRODUCT_BUNDLE_IDENTIFIER = "mahaarta.Viper-Architecture";
				PRODUCT_NAME = "$(TARGET_NAME)";
				SWIFT_EMIT_LOC_STRINGS = YES;
				SWIFT_VERSION = 5.0;
				TARGETED_DEVICE_FAMILY = "1,2";
			};
			name = Debug;
		};
		08E957AD2B2C02AE006C31AF /* Release */ = {
			isa = XCBuildConfiguration;
			buildSettings = {
				ASSETCATALOG_COMPILER_APPICON_NAME = AppIcon;
				ASSETCATALOG_COMPILER_GLOBAL_ACCENT_COLOR_NAME = AccentColor;
				CODE_SIGN_STYLE = Automatic;
				CURRENT_PROJECT_VERSION = 1;
				DEVELOPMENT_ASSET_PATHS = "\"Viper Architecture/Preview Content\"";
				DEVELOPMENT_TEAM = 3HGJV364P5;
				ENABLE_PREVIEWS = YES;
				GENERATE_INFOPLIST_FILE = YES;
				INFOPLIST_KEY_UIApplicationSceneManifest_Generation = YES;
				INFOPLIST_KEY_UIApplicationSupportsIndirectInputEvents = YES;
				INFOPLIST_KEY_UILaunchScreen_Generation = YES;
				INFOPLIST_KEY_UISupportedInterfaceOrientations_iPad = "UIInterfaceOrientationPortrait UIInterfaceOrientationPortraitUpsideDown UIInterfaceOrientationLandscapeLeft UIInterfaceOrientationLandscapeRight";
				INFOPLIST_KEY_UISupportedInterfaceOrientations_iPhone = "UIInterfaceOrientationPortrait UIInterfaceOrientationLandscapeLeft UIInterfaceOrientationLandscapeRight";
				LD_RUNPATH_SEARCH_PATHS = (
					"$(inherited)",
					"@executable_path/Frameworks",
				);
				MARKETING_VERSION = 1.0;
				PRODUCT_BUNDLE_IDENTIFIER = "mahaarta.Viper-Architecture";
				PRODUCT_NAME = "$(TARGET_NAME)";
				SWIFT_EMIT_LOC_STRINGS = YES;
				SWIFT_VERSION = 5.0;
				TARGETED_DEVICE_FAMILY = "1,2";
			};
			name = Release;
		};
		08E957AF2B2C02AE006C31AF /* Debug */ = {
			isa = XCBuildConfiguration;
			buildSettings = {
				ALWAYS_EMBED_SWIFT_STANDARD_LIBRARIES = YES;
				BUNDLE_LOADER = "$(TEST_HOST)";
				CODE_SIGN_STYLE = Automatic;
				CURRENT_PROJECT_VERSION = 1;
				DEVELOPMENT_TEAM = 3HGJV364P5;
				GENERATE_INFOPLIST_FILE = YES;
				IPHONEOS_DEPLOYMENT_TARGET = 17.0;
				MARKETING_VERSION = 1.0;
				PRODUCT_BUNDLE_IDENTIFIER = "mahaarta.Viper-ArchitectureTests";
				PRODUCT_NAME = "$(TARGET_NAME)";
				SWIFT_EMIT_LOC_STRINGS = NO;
				SWIFT_VERSION = 5.0;
				TARGETED_DEVICE_FAMILY = "1,2";
				TEST_HOST = "$(BUILT_PRODUCTS_DIR)/Viper Architecture.app/$(BUNDLE_EXECUTABLE_FOLDER_PATH)/Viper Architecture";
			};
			name = Debug;
		};
		08E957B02B2C02AE006C31AF /* Release */ = {
			isa = XCBuildConfiguration;
			buildSettings = {
				ALWAYS_EMBED_SWIFT_STANDARD_LIBRARIES = YES;
				BUNDLE_LOADER = "$(TEST_HOST)";
				CODE_SIGN_STYLE = Automatic;
				CURRENT_PROJECT_VERSION = 1;
				DEVELOPMENT_TEAM = 3HGJV364P5;
				GENERATE_INFOPLIST_FILE = YES;
				IPHONEOS_DEPLOYMENT_TARGET = 17.0;
				MARKETING_VERSION = 1.0;
				PRODUCT_BUNDLE_IDENTIFIER = "mahaarta.Viper-ArchitectureTests";
				PRODUCT_NAME = "$(TARGET_NAME)";
				SWIFT_EMIT_LOC_STRINGS = NO;
				SWIFT_VERSION = 5.0;
				TARGETED_DEVICE_FAMILY = "1,2";
				TEST_HOST = "$(BUILT_PRODUCTS_DIR)/Viper Architecture.app/$(BUNDLE_EXECUTABLE_FOLDER_PATH)/Viper Architecture";
			};
			name = Release;
		};
		08E957B22B2C02AE006C31AF /* Debug */ = {
			isa = XCBuildConfiguration;
			buildSettings = {
				ALWAYS_EMBED_SWIFT_STANDARD_LIBRARIES = YES;
				CODE_SIGN_STYLE = Automatic;
				CURRENT_PROJECT_VERSION = 1;
				DEVELOPMENT_TEAM = 3HGJV364P5;
				GENERATE_INFOPLIST_FILE = YES;
				MARKETING_VERSION = 1.0;
				PRODUCT_BUNDLE_IDENTIFIER = "mahaarta.Viper-ArchitectureUITests";
				PRODUCT_NAME = "$(TARGET_NAME)";
				SWIFT_EMIT_LOC_STRINGS = NO;
				SWIFT_VERSION = 5.0;
				TARGETED_DEVICE_FAMILY = "1,2";
				TEST_TARGET_NAME = "Viper Architecture";
			};
			name = Debug;
		};
		08E957B32B2C02AE006C31AF /* Release */ = {
			isa = XCBuildConfiguration;
			buildSettings = {
				ALWAYS_EMBED_SWIFT_STANDARD_LIBRARIES = YES;
				CODE_SIGN_STYLE = Automatic;
				CURRENT_PROJECT_VERSION = 1;
				DEVELOPMENT_TEAM = 3HGJV364P5;
				GENERATE_INFOPLIST_FILE = YES;
				MARKETING_VERSION = 1.0;
				PRODUCT_BUNDLE_IDENTIFIER = "mahaarta.Viper-ArchitectureUITests";
				PRODUCT_NAME = "$(TARGET_NAME)";
				SWIFT_EMIT_LOC_STRINGS = NO;
				SWIFT_VERSION = 5.0;
				TARGETED_DEVICE_FAMILY = "1,2";
				TEST_TARGET_NAME = "Viper Architecture";
			};
			name = Release;
		};
/* End XCBuildConfiguration section */

/* Begin XCConfigurationList section */
		08E957822B2C02AD006C31AF /* Build configuration list for PBXProject "Viper Architecture" */ = {
			isa = XCConfigurationList;
			buildConfigurations = (
				08E957A92B2C02AE006C31AF /* Debug */,
				08E957AA2B2C02AE006C31AF /* Release */,
			);
			defaultConfigurationIsVisible = 0;
			defaultConfigurationName = Release;
		};
		08E957AB2B2C02AE006C31AF /* Build configuration list for PBXNativeTarget "Viper Architecture" */ = {
			isa = XCConfigurationList;
			buildConfigurations = (
				08E957AC2B2C02AE006C31AF /* Debug */,
				08E957AD2B2C02AE006C31AF /* Release */,
			);
			defaultConfigurationIsVisible = 0;
			defaultConfigurationName = Release;
		};
		08E957AE2B2C02AE006C31AF /* Build configuration list for PBXNativeTarget "Viper ArchitectureTests" */ = {
			isa = XCConfigurationList;
			buildConfigurations = (
				08E957AF2B2C02AE006C31AF /* Debug */,
				08E957B02B2C02AE006C31AF /* Release */,
			);
			defaultConfigurationIsVisible = 0;
			defaultConfigurationName = Release;
		};
		08E957B12B2C02AE006C31AF /* Build configuration list for PBXNativeTarget "Viper ArchitectureUITests" */ = {
			isa = XCConfigurationList;
			buildConfigurations = (
				08E957B22B2C02AE006C31AF /* Debug */,
				08E957B32B2C02AE006C31AF /* Release */,
			);
			defaultConfigurationIsVisible = 0;
			defaultConfigurationName = Release;
		};
/* End XCConfigurationList section */
	};
	rootObject = 08E9577F2B2C02AD006C31AF /* Project object */;
}
