// !$*UTF8*$!
{
	archiveVersion = 1;
	classes = {
	};
	objectVersion = 56;
	objects = {

/* Begin PBXBuildFile section */
		0823B9272B316ED60076355E /* LoginViewToPresenterProtocol.swift in Sources */ = {isa = PBXBuildFile; fileRef = 0823B9262B316ED60076355E /* LoginViewToPresenterProtocol.swift */; };
		0823B9292B316EE10076355E /* LoginPresenterToInteractorProtocol.swift in Sources */ = {isa = PBXBuildFile; fileRef = 0823B9282B316EE10076355E /* LoginPresenterToInteractorProtocol.swift */; };
		0823B92B2B316EEB0076355E /* LoginPresenterToRouterProtocol.swift in Sources */ = {isa = PBXBuildFile; fileRef = 0823B92A2B316EEB0076355E /* LoginPresenterToRouterProtocol.swift */; };
		0823B92D2B316EF40076355E /* LoginPresenterToViewProtocol.swift in Sources */ = {isa = PBXBuildFile; fileRef = 0823B92C2B316EF40076355E /* LoginPresenterToViewProtocol.swift */; };
		0823B92F2B316EFF0076355E /* LoginInteractorToPresenterProtocol.swift in Sources */ = {isa = PBXBuildFile; fileRef = 0823B92E2B316EFF0076355E /* LoginInteractorToPresenterProtocol.swift */; };
		0823B9312B3182430076355E /* LoginBaseEndpoint.swift in Sources */ = {isa = PBXBuildFile; fileRef = 0823B9302B3182430076355E /* LoginBaseEndpoint.swift */; };
		0823B9332B3186030076355E /* LoginEntity.swift in Sources */ = {isa = PBXBuildFile; fileRef = 0823B9322B3186030076355E /* LoginEntity.swift */; };
		0823B93D2B319C600076355E /* RegisterViewController.swift in Sources */ = {isa = PBXBuildFile; fileRef = 0823B93B2B319C600076355E /* RegisterViewController.swift */; };
		0823B93E2B319C600076355E /* RegisterViewController.xib in Resources */ = {isa = PBXBuildFile; fileRef = 0823B93C2B319C600076355E /* RegisterViewController.xib */; };
		0823B9402B319C740076355E /* RegisterInteractor.swift in Sources */ = {isa = PBXBuildFile; fileRef = 0823B93F2B319C740076355E /* RegisterInteractor.swift */; };
		0823B9422B319C7E0076355E /* RegisterPresenter.swift in Sources */ = {isa = PBXBuildFile; fileRef = 0823B9412B319C7E0076355E /* RegisterPresenter.swift */; };
		0823B9442B319C860076355E /* RegisterEntity.swift in Sources */ = {isa = PBXBuildFile; fileRef = 0823B9432B319C860076355E /* RegisterEntity.swift */; };
		0823B9462B319C8C0076355E /* RegisterRoute.swift in Sources */ = {isa = PBXBuildFile; fileRef = 0823B9452B319C8C0076355E /* RegisterRoute.swift */; };
		0823B94D2B319D470076355E /* RegisterViewToPresenterProtocol.swift in Sources */ = {isa = PBXBuildFile; fileRef = 0823B94C2B319D470076355E /* RegisterViewToPresenterProtocol.swift */; };
		0823B94F2B319D530076355E /* RegisterPresenterToInteractorProtocol.swift in Sources */ = {isa = PBXBuildFile; fileRef = 0823B94E2B319D530076355E /* RegisterPresenterToInteractorProtocol.swift */; };
		0823B9512B319D620076355E /* RegisterInteractorToPresenterProtocol.swift in Sources */ = {isa = PBXBuildFile; fileRef = 0823B9502B319D620076355E /* RegisterInteractorToPresenterProtocol.swift */; };
		0823B9532B319D6B0076355E /* RegisterPresenterToViewProtocol.swift in Sources */ = {isa = PBXBuildFile; fileRef = 0823B9522B319D6B0076355E /* RegisterPresenterToViewProtocol.swift */; };
		0823B9552B319D780076355E /* RegisterPresenterToRouterProtocol.swift in Sources */ = {isa = PBXBuildFile; fileRef = 0823B9542B319D780076355E /* RegisterPresenterToRouterProtocol.swift */; };
		0823B9572B31A8750076355E /* RegisterBaseEndpoint.swift in Sources */ = {isa = PBXBuildFile; fileRef = 0823B9562B31A8750076355E /* RegisterBaseEndpoint.swift */; };
		0832D6E42B4531B300C3E820 /* MockError.swift in Sources */ = {isa = PBXBuildFile; fileRef = 0832D6E32B4531B300C3E820 /* MockError.swift */; };
		0832D6E62B455C0800C3E820 /* NewsListInteractorTest.swift in Sources */ = {isa = PBXBuildFile; fileRef = 0832D6E52B455C0800C3E820 /* NewsListInteractorTest.swift */; };
		0832D6E82B455D5F00C3E820 /* MockNewsListPresenter.swift in Sources */ = {isa = PBXBuildFile; fileRef = 0832D6E72B455D5F00C3E820 /* MockNewsListPresenter.swift */; };
		084375ED2B4D304B0070B321 /* RxCocoa in Frameworks */ = {isa = PBXBuildFile; productRef = 084375EC2B4D304B0070B321 /* RxCocoa */; };
		084375EF2B4D304B0070B321 /* RxCocoa-Dynamic in Frameworks */ = {isa = PBXBuildFile; productRef = 084375EE2B4D304B0070B321 /* RxCocoa-Dynamic */; };
		084375F02B4D304B0070B321 /* RxCocoa-Dynamic in Embed Frameworks */ = {isa = PBXBuildFile; productRef = 084375EE2B4D304B0070B321 /* RxCocoa-Dynamic */; settings = {ATTRIBUTES = (CodeSignOnCopy, ); }; };
		084375F32B4D30870070B321 /* RxCocoa in Frameworks */ = {isa = PBXBuildFile; productRef = 084375F22B4D30870070B321 /* RxCocoa */; };
		084375F52B4D30870070B321 /* RxCocoa-Dynamic in Frameworks */ = {isa = PBXBuildFile; productRef = 084375F42B4D30870070B321 /* RxCocoa-Dynamic */; };
		084375F62B4D30870070B321 /* RxCocoa-Dynamic in Embed Frameworks */ = {isa = PBXBuildFile; productRef = 084375F42B4D30870070B321 /* RxCocoa-Dynamic */; settings = {ATTRIBUTES = (CodeSignOnCopy, ); }; };
		084C31052B4D62300057B4D4 /* Button.swift in Sources */ = {isa = PBXBuildFile; fileRef = 0897A0702B3545B700D4C8D9 /* Button.swift */; };
		0865F5D42B304A3D00FB1C50 /* UIFont.swift in Sources */ = {isa = PBXBuildFile; fileRef = 0865F5D32B304A3D00FB1C50 /* UIFont.swift */; };
		0876017D2B457FC60094C96B /* MockRegisterView.swift in Sources */ = {isa = PBXBuildFile; fileRef = 0876017C2B457FC60094C96B /* MockRegisterView.swift */; };
		0876017F2B457FDD0094C96B /* MockRegisterInteractor.swift in Sources */ = {isa = PBXBuildFile; fileRef = 0876017E2B457FDD0094C96B /* MockRegisterInteractor.swift */; };
		087601812B45805B0094C96B /* RegisterPresenterTest.swift in Sources */ = {isa = PBXBuildFile; fileRef = 087601802B45805B0094C96B /* RegisterPresenterTest.swift */; };
		087BE21B2B4BEF6F000731B7 /* LoginViewControllerUITest.swift in Sources */ = {isa = PBXBuildFile; fileRef = 087BE21A2B4BEF6F000731B7 /* LoginViewControllerUITest.swift */; };
		087BE21E2B4BF4DF000731B7 /* RxTest in Frameworks */ = {isa = PBXBuildFile; productRef = 087BE21D2B4BF4DF000731B7 /* RxTest */; };
		087BE2202B4BF4DF000731B7 /* RxTest-Dynamic in Frameworks */ = {isa = PBXBuildFile; productRef = 087BE21F2B4BF4DF000731B7 /* RxTest-Dynamic */; };
		087BE2212B4BF4DF000731B7 /* RxTest-Dynamic in Embed Frameworks */ = {isa = PBXBuildFile; productRef = 087BE21F2B4BF4DF000731B7 /* RxTest-Dynamic */; settings = {ATTRIBUTES = (CodeSignOnCopy, ); }; };
		08868F5F2B4FCEA700190EDD /* NewsListViewControllerUITest.swift in Sources */ = {isa = PBXBuildFile; fileRef = 08868F5E2B4FCEA700190EDD /* NewsListViewControllerUITest.swift */; };
		08886B432B3D684500D9E65F /* MockNewsListView.swift in Sources */ = {isa = PBXBuildFile; fileRef = 08886B422B3D684500D9E65F /* MockNewsListView.swift */; };
		08886B472B3D717F00D9E65F /* NewsListPresenterTest.swift in Sources */ = {isa = PBXBuildFile; fileRef = 08886B462B3D717F00D9E65F /* NewsListPresenterTest.swift */; };
		08886B492B3D71A400D9E65F /* MockNewsListInteractor.swift in Sources */ = {isa = PBXBuildFile; fileRef = 08886B482B3D71A400D9E65F /* MockNewsListInteractor.swift */; };
		0897A06D2B344F3300D4C8D9 /* NewsListBaseEndpoint.swift in Sources */ = {isa = PBXBuildFile; fileRef = 0897A06C2B344F3300D4C8D9 /* NewsListBaseEndpoint.swift */; };
		0897A0712B3545B700D4C8D9 /* Button.swift in Sources */ = {isa = PBXBuildFile; fileRef = 0897A0702B3545B700D4C8D9 /* Button.swift */; };
		0897A07A2B35887D00D4C8D9 /* NetworkManager.swift in Sources */ = {isa = PBXBuildFile; fileRef = 0897A0792B35887D00D4C8D9 /* NetworkManager.swift */; };
		0897A0812B35A50100D4C8D9 /* MockNetworkManager.swift in Sources */ = {isa = PBXBuildFile; fileRef = 0897A0802B35A50100D4C8D9 /* MockNetworkManager.swift */; };
		0897A0832B35ACAD00D4C8D9 /* NetworkManagerTest.swift in Sources */ = {isa = PBXBuildFile; fileRef = 0897A0822B35ACAD00D4C8D9 /* NetworkManagerTest.swift */; };
		0897A0852B35ACDD00D4C8D9 /* RxTest in Frameworks */ = {isa = PBXBuildFile; productRef = 0897A0842B35ACDD00D4C8D9 /* RxTest */; };
		0897A0872B35ACDD00D4C8D9 /* RxTest-Dynamic in Frameworks */ = {isa = PBXBuildFile; productRef = 0897A0862B35ACDD00D4C8D9 /* RxTest-Dynamic */; };
		08A408BF2B303E110074BF3C /* LoginViewController.swift in Sources */ = {isa = PBXBuildFile; fileRef = 08A408BD2B303E110074BF3C /* LoginViewController.swift */; };
		08A408C02B303E110074BF3C /* LoginViewController.xib in Resources */ = {isa = PBXBuildFile; fileRef = 08A408BE2B303E110074BF3C /* LoginViewController.xib */; };
		08A408C22B303E3D0074BF3C /* LoginInteractor.swift in Sources */ = {isa = PBXBuildFile; fileRef = 08A408C12B303E3D0074BF3C /* LoginInteractor.swift */; };
		08A408C42B303EB70074BF3C /* LoginPresenter.swift in Sources */ = {isa = PBXBuildFile; fileRef = 08A408C32B303EB70074BF3C /* LoginPresenter.swift */; };
		08A408C62B303EBF0074BF3C /* LoginRoute.swift in Sources */ = {isa = PBXBuildFile; fileRef = 08A408C52B303EBF0074BF3C /* LoginRoute.swift */; };
		08AE14482B4D56D300965A14 /* StructLocalization.swift in Sources */ = {isa = PBXBuildFile; fileRef = 08DDE3CF2B32EE5F002DAE21 /* StructLocalization.swift */; };
		08AE14492B4D56ED00965A14 /* LocalizationHelper.swift in Sources */ = {isa = PBXBuildFile; fileRef = 08DDE3D22B32F055002DAE21 /* LocalizationHelper.swift */; };
		08B09BB42B3C0ABF00FC85CA /* LoginPresenterTest.swift in Sources */ = {isa = PBXBuildFile; fileRef = 08B09BB32B3C0ABF00FC85CA /* LoginPresenterTest.swift */; };
		08B09BBB2B3C0C2E00FC85CA /* MockView.swift in Sources */ = {isa = PBXBuildFile; fileRef = 08B09BBA2B3C0C2E00FC85CA /* MockView.swift */; };
		08B09BBD2B3C0C6E00FC85CA /* MockRouter.swift in Sources */ = {isa = PBXBuildFile; fileRef = 08B09BBC2B3C0C6E00FC85CA /* MockRouter.swift */; };
		08B09BBF2B3C16B300FC85CA /* MockPresenter.swift in Sources */ = {isa = PBXBuildFile; fileRef = 08B09BBE2B3C16B300FC85CA /* MockPresenter.swift */; };
		08B09BC12B3C171B00FC85CA /* LoginInteractorTest.swift in Sources */ = {isa = PBXBuildFile; fileRef = 08B09BC02B3C171B00FC85CA /* LoginInteractorTest.swift */; };
		08B09BC32B3C20B500FC85CA /* MockInteractor.swift in Sources */ = {isa = PBXBuildFile; fileRef = 08B09BC22B3C20B500FC85CA /* MockInteractor.swift */; };
		08C4B6072B4697B8002C8704 /* RegisterInteractorTest.swift in Sources */ = {isa = PBXBuildFile; fileRef = 08C4B6062B4697B8002C8704 /* RegisterInteractorTest.swift */; };
		08C4B6092B469843002C8704 /* MockRegisterPresenter.swift in Sources */ = {isa = PBXBuildFile; fileRef = 08C4B6082B469843002C8704 /* MockRegisterPresenter.swift */; };
		08DDE3CB2B32EE3B002DAE21 /* Localizable.strings in Resources */ = {isa = PBXBuildFile; fileRef = 08DDE3CD2B32EE3B002DAE21 /* Localizable.strings */; };
		08DDE3D02B32EE5F002DAE21 /* StructLocalization.swift in Sources */ = {isa = PBXBuildFile; fileRef = 08DDE3CF2B32EE5F002DAE21 /* StructLocalization.swift */; };
		08DDE3D32B32F055002DAE21 /* LocalizationHelper.swift in Sources */ = {isa = PBXBuildFile; fileRef = 08DDE3D22B32F055002DAE21 /* LocalizationHelper.swift */; };
		08DDE3E02B34282E002DAE21 /* Alamofire in Frameworks */ = {isa = PBXBuildFile; productRef = 08DDE3DF2B34282E002DAE21 /* Alamofire */; };
		08DDE3F82B342DA3002DAE21 /* RxCocoa in Frameworks */ = {isa = PBXBuildFile; productRef = 08DDE3F72B342DA3002DAE21 /* RxCocoa */; };
		08DDE3FA2B342DA3002DAE21 /* RxCocoa-Dynamic in Frameworks */ = {isa = PBXBuildFile; productRef = 08DDE3F92B342DA3002DAE21 /* RxCocoa-Dynamic */; };
		08DDE3FC2B342DA3002DAE21 /* RxRelay in Frameworks */ = {isa = PBXBuildFile; productRef = 08DDE3FB2B342DA3002DAE21 /* RxRelay */; };
		08DDE3FE2B342DA3002DAE21 /* RxRelay-Dynamic in Frameworks */ = {isa = PBXBuildFile; productRef = 08DDE3FD2B342DA3002DAE21 /* RxRelay-Dynamic */; };
		08DDE4002B342DA3002DAE21 /* RxSwift in Frameworks */ = {isa = PBXBuildFile; productRef = 08DDE3FF2B342DA3002DAE21 /* RxSwift */; };
		08DDE4022B342DA3002DAE21 /* RxSwift-Dynamic in Frameworks */ = {isa = PBXBuildFile; productRef = 08DDE4012B342DA3002DAE21 /* RxSwift-Dynamic */; };
		08E9578F2B2C02AE006C31AF /* Assets.xcassets in Resources */ = {isa = PBXBuildFile; fileRef = 08E9578E2B2C02AE006C31AF /* Assets.xcassets */; };
		08E957922B2C02AE006C31AF /* Preview Assets.xcassets in Resources */ = {isa = PBXBuildFile; fileRef = 08E957912B2C02AE006C31AF /* Preview Assets.xcassets */; };
		08E9579C2B2C02AE006C31AF /* Viper_ArchitectureTests.swift in Sources */ = {isa = PBXBuildFile; fileRef = 08E9579B2B2C02AE006C31AF /* Viper_ArchitectureTests.swift */; };
		08E957A62B2C02AE006C31AF /* Viper_ArchitectureUITests.swift in Sources */ = {isa = PBXBuildFile; fileRef = 08E957A52B2C02AE006C31AF /* Viper_ArchitectureUITests.swift */; };
		08E957A82B2C02AE006C31AF /* Viper_ArchitectureUITestsLaunchTests.swift in Sources */ = {isa = PBXBuildFile; fileRef = 08E957A72B2C02AE006C31AF /* Viper_ArchitectureUITestsLaunchTests.swift */; };
		08E957B52B2C035E006C31AF /* AppDelegate.swift in Sources */ = {isa = PBXBuildFile; fileRef = 08E957B42B2C035E006C31AF /* AppDelegate.swift */; };
		08E957C72B2C0A2A006C31AF /* NewsListViewController.swift in Sources */ = {isa = PBXBuildFile; fileRef = 08E957C52B2C0A2A006C31AF /* NewsListViewController.swift */; };
		08E957C82B2C0A2A006C31AF /* NewsListViewController.xib in Resources */ = {isa = PBXBuildFile; fileRef = 08E957C62B2C0A2A006C31AF /* NewsListViewController.xib */; };
		08E957CA2B2C3973006C31AF /* NewsListPresenter.swift in Sources */ = {isa = PBXBuildFile; fileRef = 08E957C92B2C3973006C31AF /* NewsListPresenter.swift */; };
		08E957D32B2C3E0F006C31AF /* NewsListViewToPresenterProtocol.swift in Sources */ = {isa = PBXBuildFile; fileRef = 08E957D22B2C3E0F006C31AF /* NewsListViewToPresenterProtocol.swift */; };
		08E957D52B2C3E78006C31AF /* NewsListPresenterToInteractorProtocol.swift in Sources */ = {isa = PBXBuildFile; fileRef = 08E957D42B2C3E78006C31AF /* NewsListPresenterToInteractorProtocol.swift */; };
		08E957D72B2C3F22006C31AF /* NewsListInteractorToPresenterProtocol.swift in Sources */ = {isa = PBXBuildFile; fileRef = 08E957D62B2C3F22006C31AF /* NewsListInteractorToPresenterProtocol.swift */; };
		08E957D92B2C3F44006C31AF /* NewsListPresenterToViewProtocol.swift in Sources */ = {isa = PBXBuildFile; fileRef = 08E957D82B2C3F44006C31AF /* NewsListPresenterToViewProtocol.swift */; };
		08E957DB2B2C3F64006C31AF /* NewsListPresenterToRouterProtocol.swift in Sources */ = {isa = PBXBuildFile; fileRef = 08E957DA2B2C3F64006C31AF /* NewsListPresenterToRouterProtocol.swift */; };
		08E957DD2B2C4A57006C31AF /* NewsListEntity.swift in Sources */ = {isa = PBXBuildFile; fileRef = 08E957DC2B2C4A57006C31AF /* NewsListEntity.swift */; };
		08E957E22B2C5195006C31AF /* NewsListInteractor.swift in Sources */ = {isa = PBXBuildFile; fileRef = 08E957E12B2C5195006C31AF /* NewsListInteractor.swift */; };
		08E957E42B2C5484006C31AF /* Constants.swift in Sources */ = {isa = PBXBuildFile; fileRef = 08E957E32B2C5484006C31AF /* Constants.swift */; };
		08E957E62B2C54D6006C31AF /* NewsResponse.swift in Sources */ = {isa = PBXBuildFile; fileRef = 08E957E52B2C54D6006C31AF /* NewsResponse.swift */; };
		08E957E82B2C55D7006C31AF /* NewsListRoute.swift in Sources */ = {isa = PBXBuildFile; fileRef = 08E957E72B2C55D7006C31AF /* NewsListRoute.swift */; };
		08E957F02B2C635E006C31AF /* NewsListTableViewCell.swift in Sources */ = {isa = PBXBuildFile; fileRef = 08E957EE2B2C635E006C31AF /* NewsListTableViewCell.swift */; };
		08E957F12B2C635E006C31AF /* NewsListTableViewCell.xib in Resources */ = {isa = PBXBuildFile; fileRef = 08E957EF2B2C635E006C31AF /* NewsListTableViewCell.xib */; };
		08E957F32B2C6620006C31AF /* Launch Screen.storyboard in Resources */ = {isa = PBXBuildFile; fileRef = 08E957F22B2C6620006C31AF /* Launch Screen.storyboard */; };
		08F478CE2B30495700362475 /* Product Sans Bold Italic.ttf in Resources */ = {isa = PBXBuildFile; fileRef = 08F478C82B30495700362475 /* Product Sans Bold Italic.ttf */; };
		08F478CF2B30495700362475 /* Product Sans Light.ttf in Resources */ = {isa = PBXBuildFile; fileRef = 08F478C92B30495700362475 /* Product Sans Light.ttf */; };
		08F478D02B30495700362475 /* Product Sans Medium.ttf in Resources */ = {isa = PBXBuildFile; fileRef = 08F478CA2B30495700362475 /* Product Sans Medium.ttf */; };
		08F478D12B30495700362475 /* Product Sans Bold.ttf in Resources */ = {isa = PBXBuildFile; fileRef = 08F478CB2B30495700362475 /* Product Sans Bold.ttf */; };
		08F478D22B30495700362475 /* Product Sans Regular.ttf in Resources */ = {isa = PBXBuildFile; fileRef = 08F478CC2B30495700362475 /* Product Sans Regular.ttf */; };
		08F478D32B30495700362475 /* Product Sans Italic.ttf in Resources */ = {isa = PBXBuildFile; fileRef = 08F478CD2B30495700362475 /* Product Sans Italic.ttf */; };
		08F8AEFB2B4E6FD4003D6763 /* RegisterViewControllerUITest.swift in Sources */ = {isa = PBXBuildFile; fileRef = 08F8AEFA2B4E6FD4003D6763 /* RegisterViewControllerUITest.swift */; };
/* End PBXBuildFile section */

/* Begin PBXContainerItemProxy section */
		08E957982B2C02AE006C31AF /* PBXContainerItemProxy */ = {
			isa = PBXContainerItemProxy;
			containerPortal = 08E9577F2B2C02AD006C31AF /* Project object */;
			proxyType = 1;
			remoteGlobalIDString = 08E957862B2C02AD006C31AF;
			remoteInfo = "Viper Architecture";
		};
		08E957A22B2C02AE006C31AF /* PBXContainerItemProxy */ = {
			isa = PBXContainerItemProxy;
			containerPortal = 08E9577F2B2C02AD006C31AF /* Project object */;
			proxyType = 1;
			remoteGlobalIDString = 08E957862B2C02AD006C31AF;
			remoteInfo = "Viper Architecture";
		};
/* End PBXContainerItemProxy section */

/* Begin PBXCopyFilesBuildPhase section */
		084375F12B4D304B0070B321 /* Embed Frameworks */ = {
			isa = PBXCopyFilesBuildPhase;
			buildActionMask = 2147483647;
			dstPath = "";
			dstSubfolderSpec = 10;
			files = (
				084375F02B4D304B0070B321 /* RxCocoa-Dynamic in Embed Frameworks */,
			);
			name = "Embed Frameworks";
			runOnlyForDeploymentPostprocessing = 0;
		};
		087BE2222B4BF4DF000731B7 /* Embed Frameworks */ = {
			isa = PBXCopyFilesBuildPhase;
			buildActionMask = 2147483647;
			dstPath = "";
			dstSubfolderSpec = 10;
			files = (
				084375F62B4D30870070B321 /* RxCocoa-Dynamic in Embed Frameworks */,
				087BE2212B4BF4DF000731B7 /* RxTest-Dynamic in Embed Frameworks */,
			);
			name = "Embed Frameworks";
			runOnlyForDeploymentPostprocessing = 0;
		};
/* End PBXCopyFilesBuildPhase section */

/* Begin PBXFileReference section */
		0823B9262B316ED60076355E /* LoginViewToPresenterProtocol.swift */ = {isa = PBXFileReference; lastKnownFileType = sourcecode.swift; path = LoginViewToPresenterProtocol.swift; sourceTree = "<group>"; };
		0823B9282B316EE10076355E /* LoginPresenterToInteractorProtocol.swift */ = {isa = PBXFileReference; lastKnownFileType = sourcecode.swift; path = LoginPresenterToInteractorProtocol.swift; sourceTree = "<group>"; };
		0823B92A2B316EEB0076355E /* LoginPresenterToRouterProtocol.swift */ = {isa = PBXFileReference; lastKnownFileType = sourcecode.swift; path = LoginPresenterToRouterProtocol.swift; sourceTree = "<group>"; };
		0823B92C2B316EF40076355E /* LoginPresenterToViewProtocol.swift */ = {isa = PBXFileReference; lastKnownFileType = sourcecode.swift; path = LoginPresenterToViewProtocol.swift; sourceTree = "<group>"; };
		0823B92E2B316EFF0076355E /* LoginInteractorToPresenterProtocol.swift */ = {isa = PBXFileReference; lastKnownFileType = sourcecode.swift; path = LoginInteractorToPresenterProtocol.swift; sourceTree = "<group>"; };
		0823B9302B3182430076355E /* LoginBaseEndpoint.swift */ = {isa = PBXFileReference; lastKnownFileType = sourcecode.swift; path = LoginBaseEndpoint.swift; sourceTree = "<group>"; };
		0823B9322B3186030076355E /* LoginEntity.swift */ = {isa = PBXFileReference; lastKnownFileType = sourcecode.swift; path = LoginEntity.swift; sourceTree = "<group>"; };
		0823B93B2B319C600076355E /* RegisterViewController.swift */ = {isa = PBXFileReference; lastKnownFileType = sourcecode.swift; path = RegisterViewController.swift; sourceTree = "<group>"; };
		0823B93C2B319C600076355E /* RegisterViewController.xib */ = {isa = PBXFileReference; lastKnownFileType = file.xib; path = RegisterViewController.xib; sourceTree = "<group>"; };
		0823B93F2B319C740076355E /* RegisterInteractor.swift */ = {isa = PBXFileReference; lastKnownFileType = sourcecode.swift; path = RegisterInteractor.swift; sourceTree = "<group>"; };
		0823B9412B319C7E0076355E /* RegisterPresenter.swift */ = {isa = PBXFileReference; lastKnownFileType = sourcecode.swift; path = RegisterPresenter.swift; sourceTree = "<group>"; };
		0823B9432B319C860076355E /* RegisterEntity.swift */ = {isa = PBXFileReference; lastKnownFileType = sourcecode.swift; path = RegisterEntity.swift; sourceTree = "<group>"; };
		0823B9452B319C8C0076355E /* RegisterRoute.swift */ = {isa = PBXFileReference; lastKnownFileType = sourcecode.swift; path = RegisterRoute.swift; sourceTree = "<group>"; };
		0823B94C2B319D470076355E /* RegisterViewToPresenterProtocol.swift */ = {isa = PBXFileReference; lastKnownFileType = sourcecode.swift; path = RegisterViewToPresenterProtocol.swift; sourceTree = "<group>"; };
		0823B94E2B319D530076355E /* RegisterPresenterToInteractorProtocol.swift */ = {isa = PBXFileReference; lastKnownFileType = sourcecode.swift; path = RegisterPresenterToInteractorProtocol.swift; sourceTree = "<group>"; };
		0823B9502B319D620076355E /* RegisterInteractorToPresenterProtocol.swift */ = {isa = PBXFileReference; lastKnownFileType = sourcecode.swift; path = RegisterInteractorToPresenterProtocol.swift; sourceTree = "<group>"; };
		0823B9522B319D6B0076355E /* RegisterPresenterToViewProtocol.swift */ = {isa = PBXFileReference; lastKnownFileType = sourcecode.swift; path = RegisterPresenterToViewProtocol.swift; sourceTree = "<group>"; };
		0823B9542B319D780076355E /* RegisterPresenterToRouterProtocol.swift */ = {isa = PBXFileReference; lastKnownFileType = sourcecode.swift; path = RegisterPresenterToRouterProtocol.swift; sourceTree = "<group>"; };
		0823B9562B31A8750076355E /* RegisterBaseEndpoint.swift */ = {isa = PBXFileReference; lastKnownFileType = sourcecode.swift; path = RegisterBaseEndpoint.swift; sourceTree = "<group>"; };
		0832D6E32B4531B300C3E820 /* MockError.swift */ = {isa = PBXFileReference; lastKnownFileType = sourcecode.swift; path = MockError.swift; sourceTree = "<group>"; };
		0832D6E52B455C0800C3E820 /* NewsListInteractorTest.swift */ = {isa = PBXFileReference; lastKnownFileType = sourcecode.swift; path = NewsListInteractorTest.swift; sourceTree = "<group>"; };
		0832D6E72B455D5F00C3E820 /* MockNewsListPresenter.swift */ = {isa = PBXFileReference; lastKnownFileType = sourcecode.swift; path = MockNewsListPresenter.swift; sourceTree = "<group>"; };
		0865F5D32B304A3D00FB1C50 /* UIFont.swift */ = {isa = PBXFileReference; lastKnownFileType = sourcecode.swift; path = UIFont.swift; sourceTree = "<group>"; };
		0876017C2B457FC60094C96B /* MockRegisterView.swift */ = {isa = PBXFileReference; lastKnownFileType = sourcecode.swift; path = MockRegisterView.swift; sourceTree = "<group>"; };
		0876017E2B457FDD0094C96B /* MockRegisterInteractor.swift */ = {isa = PBXFileReference; lastKnownFileType = sourcecode.swift; path = MockRegisterInteractor.swift; sourceTree = "<group>"; };
		087601802B45805B0094C96B /* RegisterPresenterTest.swift */ = {isa = PBXFileReference; lastKnownFileType = sourcecode.swift; path = RegisterPresenterTest.swift; sourceTree = "<group>"; };
		087BE21A2B4BEF6F000731B7 /* LoginViewControllerUITest.swift */ = {isa = PBXFileReference; lastKnownFileType = sourcecode.swift; path = LoginViewControllerUITest.swift; sourceTree = "<group>"; };
		08868F5E2B4FCEA700190EDD /* NewsListViewControllerUITest.swift */ = {isa = PBXFileReference; lastKnownFileType = sourcecode.swift; path = NewsListViewControllerUITest.swift; sourceTree = "<group>"; };
		08886B422B3D684500D9E65F /* MockNewsListView.swift */ = {isa = PBXFileReference; lastKnownFileType = sourcecode.swift; path = MockNewsListView.swift; sourceTree = "<group>"; };
		08886B462B3D717F00D9E65F /* NewsListPresenterTest.swift */ = {isa = PBXFileReference; lastKnownFileType = sourcecode.swift; path = NewsListPresenterTest.swift; sourceTree = "<group>"; };
		08886B482B3D71A400D9E65F /* MockNewsListInteractor.swift */ = {isa = PBXFileReference; lastKnownFileType = sourcecode.swift; path = MockNewsListInteractor.swift; sourceTree = "<group>"; };
		0897A06C2B344F3300D4C8D9 /* NewsListBaseEndpoint.swift */ = {isa = PBXFileReference; lastKnownFileType = sourcecode.swift; path = NewsListBaseEndpoint.swift; sourceTree = "<group>"; };
		0897A0702B3545B700D4C8D9 /* Button.swift */ = {isa = PBXFileReference; lastKnownFileType = sourcecode.swift; path = Button.swift; sourceTree = "<group>"; };
		0897A0792B35887D00D4C8D9 /* NetworkManager.swift */ = {isa = PBXFileReference; lastKnownFileType = sourcecode.swift; path = NetworkManager.swift; sourceTree = "<group>"; };
		0897A0802B35A50100D4C8D9 /* MockNetworkManager.swift */ = {isa = PBXFileReference; lastKnownFileType = sourcecode.swift; path = MockNetworkManager.swift; sourceTree = "<group>"; };
		0897A0822B35ACAD00D4C8D9 /* NetworkManagerTest.swift */ = {isa = PBXFileReference; lastKnownFileType = sourcecode.swift; path = NetworkManagerTest.swift; sourceTree = "<group>"; };
		08A408BD2B303E110074BF3C /* LoginViewController.swift */ = {isa = PBXFileReference; lastKnownFileType = sourcecode.swift; path = LoginViewController.swift; sourceTree = "<group>"; };
		08A408BE2B303E110074BF3C /* LoginViewController.xib */ = {isa = PBXFileReference; lastKnownFileType = file.xib; path = LoginViewController.xib; sourceTree = "<group>"; };
		08A408C12B303E3D0074BF3C /* LoginInteractor.swift */ = {isa = PBXFileReference; lastKnownFileType = sourcecode.swift; path = LoginInteractor.swift; sourceTree = "<group>"; };
		08A408C32B303EB70074BF3C /* LoginPresenter.swift */ = {isa = PBXFileReference; lastKnownFileType = sourcecode.swift; path = LoginPresenter.swift; sourceTree = "<group>"; };
		08A408C52B303EBF0074BF3C /* LoginRoute.swift */ = {isa = PBXFileReference; lastKnownFileType = sourcecode.swift; path = LoginRoute.swift; sourceTree = "<group>"; };
		08B09BB32B3C0ABF00FC85CA /* LoginPresenterTest.swift */ = {isa = PBXFileReference; lastKnownFileType = sourcecode.swift; path = LoginPresenterTest.swift; sourceTree = "<group>"; };
		08B09BBA2B3C0C2E00FC85CA /* MockView.swift */ = {isa = PBXFileReference; lastKnownFileType = sourcecode.swift; path = MockView.swift; sourceTree = "<group>"; };
		08B09BBC2B3C0C6E00FC85CA /* MockRouter.swift */ = {isa = PBXFileReference; lastKnownFileType = sourcecode.swift; path = MockRouter.swift; sourceTree = "<group>"; };
		08B09BBE2B3C16B300FC85CA /* MockPresenter.swift */ = {isa = PBXFileReference; lastKnownFileType = sourcecode.swift; path = MockPresenter.swift; sourceTree = "<group>"; };
		08B09BC02B3C171B00FC85CA /* LoginInteractorTest.swift */ = {isa = PBXFileReference; lastKnownFileType = sourcecode.swift; path = LoginInteractorTest.swift; sourceTree = "<group>"; };
		08B09BC22B3C20B500FC85CA /* MockInteractor.swift */ = {isa = PBXFileReference; lastKnownFileType = sourcecode.swift; path = MockInteractor.swift; sourceTree = "<group>"; };
		08C4B6062B4697B8002C8704 /* RegisterInteractorTest.swift */ = {isa = PBXFileReference; lastKnownFileType = sourcecode.swift; path = RegisterInteractorTest.swift; sourceTree = "<group>"; };
		08C4B6082B469843002C8704 /* MockRegisterPresenter.swift */ = {isa = PBXFileReference; lastKnownFileType = sourcecode.swift; path = MockRegisterPresenter.swift; sourceTree = "<group>"; };
		08DDE3CC2B32EE3B002DAE21 /* en */ = {isa = PBXFileReference; lastKnownFileType = text.plist.strings; name = en; path = en.lproj/Localizable.strings; sourceTree = "<group>"; };
		08DDE3CE2B32EE3E002DAE21 /* id */ = {isa = PBXFileReference; lastKnownFileType = text.plist.strings; name = id; path = id.lproj/Localizable.strings; sourceTree = "<group>"; };
		08DDE3CF2B32EE5F002DAE21 /* StructLocalization.swift */ = {isa = PBXFileReference; lastKnownFileType = sourcecode.swift; path = StructLocalization.swift; sourceTree = "<group>"; };
		08DDE3D22B32F055002DAE21 /* LocalizationHelper.swift */ = {isa = PBXFileReference; lastKnownFileType = sourcecode.swift; path = LocalizationHelper.swift; sourceTree = "<group>"; };
		08E957872B2C02AD006C31AF /* Viper Architecture.app */ = {isa = PBXFileReference; explicitFileType = wrapper.application; includeInIndex = 0; path = "Viper Architecture.app"; sourceTree = BUILT_PRODUCTS_DIR; };
		08E9578E2B2C02AE006C31AF /* Assets.xcassets */ = {isa = PBXFileReference; lastKnownFileType = folder.assetcatalog; path = Assets.xcassets; sourceTree = "<group>"; };
		08E957912B2C02AE006C31AF /* Preview Assets.xcassets */ = {isa = PBXFileReference; lastKnownFileType = folder.assetcatalog; path = "Preview Assets.xcassets"; sourceTree = "<group>"; };
		08E957972B2C02AE006C31AF /* Viper ArchitectureTests.xctest */ = {isa = PBXFileReference; explicitFileType = wrapper.cfbundle; includeInIndex = 0; path = "Viper ArchitectureTests.xctest"; sourceTree = BUILT_PRODUCTS_DIR; };
		08E9579B2B2C02AE006C31AF /* Viper_ArchitectureTests.swift */ = {isa = PBXFileReference; lastKnownFileType = sourcecode.swift; path = Viper_ArchitectureTests.swift; sourceTree = "<group>"; };
		08E957A12B2C02AE006C31AF /* Viper ArchitectureUITests.xctest */ = {isa = PBXFileReference; explicitFileType = wrapper.cfbundle; includeInIndex = 0; path = "Viper ArchitectureUITests.xctest"; sourceTree = BUILT_PRODUCTS_DIR; };
		08E957A52B2C02AE006C31AF /* Viper_ArchitectureUITests.swift */ = {isa = PBXFileReference; lastKnownFileType = sourcecode.swift; path = Viper_ArchitectureUITests.swift; sourceTree = "<group>"; };
		08E957A72B2C02AE006C31AF /* Viper_ArchitectureUITestsLaunchTests.swift */ = {isa = PBXFileReference; lastKnownFileType = sourcecode.swift; path = Viper_ArchitectureUITestsLaunchTests.swift; sourceTree = "<group>"; };
		08E957B42B2C035E006C31AF /* AppDelegate.swift */ = {isa = PBXFileReference; lastKnownFileType = sourcecode.swift; path = AppDelegate.swift; sourceTree = "<group>"; };
		08E957C52B2C0A2A006C31AF /* NewsListViewController.swift */ = {isa = PBXFileReference; lastKnownFileType = sourcecode.swift; path = NewsListViewController.swift; sourceTree = "<group>"; };
		08E957C62B2C0A2A006C31AF /* NewsListViewController.xib */ = {isa = PBXFileReference; lastKnownFileType = file.xib; path = NewsListViewController.xib; sourceTree = "<group>"; };
		08E957C92B2C3973006C31AF /* NewsListPresenter.swift */ = {isa = PBXFileReference; lastKnownFileType = sourcecode.swift; path = NewsListPresenter.swift; sourceTree = "<group>"; };
		08E957D22B2C3E0F006C31AF /* NewsListViewToPresenterProtocol.swift */ = {isa = PBXFileReference; lastKnownFileType = sourcecode.swift; path = NewsListViewToPresenterProtocol.swift; sourceTree = "<group>"; };
		08E957D42B2C3E78006C31AF /* NewsListPresenterToInteractorProtocol.swift */ = {isa = PBXFileReference; lastKnownFileType = sourcecode.swift; path = NewsListPresenterToInteractorProtocol.swift; sourceTree = "<group>"; };
		08E957D62B2C3F22006C31AF /* NewsListInteractorToPresenterProtocol.swift */ = {isa = PBXFileReference; lastKnownFileType = sourcecode.swift; path = NewsListInteractorToPresenterProtocol.swift; sourceTree = "<group>"; };
		08E957D82B2C3F44006C31AF /* NewsListPresenterToViewProtocol.swift */ = {isa = PBXFileReference; lastKnownFileType = sourcecode.swift; path = NewsListPresenterToViewProtocol.swift; sourceTree = "<group>"; };
		08E957DA2B2C3F64006C31AF /* NewsListPresenterToRouterProtocol.swift */ = {isa = PBXFileReference; lastKnownFileType = sourcecode.swift; path = NewsListPresenterToRouterProtocol.swift; sourceTree = "<group>"; };
		08E957DC2B2C4A57006C31AF /* NewsListEntity.swift */ = {isa = PBXFileReference; lastKnownFileType = sourcecode.swift; path = NewsListEntity.swift; sourceTree = "<group>"; };
		08E957E12B2C5195006C31AF /* NewsListInteractor.swift */ = {isa = PBXFileReference; lastKnownFileType = sourcecode.swift; path = NewsListInteractor.swift; sourceTree = "<group>"; };
		08E957E32B2C5484006C31AF /* Constants.swift */ = {isa = PBXFileReference; lastKnownFileType = sourcecode.swift; path = Constants.swift; sourceTree = "<group>"; };
		08E957E52B2C54D6006C31AF /* NewsResponse.swift */ = {isa = PBXFileReference; lastKnownFileType = sourcecode.swift; path = NewsResponse.swift; sourceTree = "<group>"; };
		08E957E72B2C55D7006C31AF /* NewsListRoute.swift */ = {isa = PBXFileReference; lastKnownFileType = sourcecode.swift; path = NewsListRoute.swift; sourceTree = "<group>"; };
		08E957EE2B2C635E006C31AF /* NewsListTableViewCell.swift */ = {isa = PBXFileReference; lastKnownFileType = sourcecode.swift; path = NewsListTableViewCell.swift; sourceTree = "<group>"; };
		08E957EF2B2C635E006C31AF /* NewsListTableViewCell.xib */ = {isa = PBXFileReference; lastKnownFileType = file.xib; path = NewsListTableViewCell.xib; sourceTree = "<group>"; };
		08E957F22B2C6620006C31AF /* Launch Screen.storyboard */ = {isa = PBXFileReference; lastKnownFileType = file.storyboard; path = "Launch Screen.storyboard"; sourceTree = "<group>"; };
		08F478C82B30495700362475 /* Product Sans Bold Italic.ttf */ = {isa = PBXFileReference; lastKnownFileType = file; path = "Product Sans Bold Italic.ttf"; sourceTree = "<group>"; };
		08F478C92B30495700362475 /* Product Sans Light.ttf */ = {isa = PBXFileReference; lastKnownFileType = file; path = "Product Sans Light.ttf"; sourceTree = "<group>"; };
		08F478CA2B30495700362475 /* Product Sans Medium.ttf */ = {isa = PBXFileReference; lastKnownFileType = file; path = "Product Sans Medium.ttf"; sourceTree = "<group>"; };
		08F478CB2B30495700362475 /* Product Sans Bold.ttf */ = {isa = PBXFileReference; lastKnownFileType = file; path = "Product Sans Bold.ttf"; sourceTree = "<group>"; };
		08F478CC2B30495700362475 /* Product Sans Regular.ttf */ = {isa = PBXFileReference; lastKnownFileType = file; path = "Product Sans Regular.ttf"; sourceTree = "<group>"; };
		08F478CD2B30495700362475 /* Product Sans Italic.ttf */ = {isa = PBXFileReference; lastKnownFileType = file; path = "Product Sans Italic.ttf"; sourceTree = "<group>"; };
		08F478D42B3049A200362475 /* Viper-Architecture-Info.plist */ = {isa = PBXFileReference; lastKnownFileType = text.plist; path = "Viper-Architecture-Info.plist"; sourceTree = SOURCE_ROOT; };
		08F8AEFA2B4E6FD4003D6763 /* RegisterViewControllerUITest.swift */ = {isa = PBXFileReference; lastKnownFileType = sourcecode.swift; path = RegisterViewControllerUITest.swift; sourceTree = "<group>"; };
/* End PBXFileReference section */

/* Begin PBXFrameworksBuildPhase section */
		08E957842B2C02AD006C31AF /* Frameworks */ = {
			isa = PBXFrameworksBuildPhase;
			buildActionMask = 2147483647;
			files = (
				08DDE4022B342DA3002DAE21 /* RxSwift-Dynamic in Frameworks */,
				08DDE4002B342DA3002DAE21 /* RxSwift in Frameworks */,
				08DDE3F82B342DA3002DAE21 /* RxCocoa in Frameworks */,
				08DDE3FE2B342DA3002DAE21 /* RxRelay-Dynamic in Frameworks */,
				08DDE3FA2B342DA3002DAE21 /* RxCocoa-Dynamic in Frameworks */,
				08DDE3FC2B342DA3002DAE21 /* RxRelay in Frameworks */,
				08DDE3E02B34282E002DAE21 /* Alamofire in Frameworks */,
			);
			runOnlyForDeploymentPostprocessing = 0;
		};
		08E957942B2C02AE006C31AF /* Frameworks */ = {
			isa = PBXFrameworksBuildPhase;
			buildActionMask = 2147483647;
			files = (
				084375EF2B4D304B0070B321 /* RxCocoa-Dynamic in Frameworks */,
				084375ED2B4D304B0070B321 /* RxCocoa in Frameworks */,
				0897A0872B35ACDD00D4C8D9 /* RxTest-Dynamic in Frameworks */,
				0897A0852B35ACDD00D4C8D9 /* RxTest in Frameworks */,
			);
			runOnlyForDeploymentPostprocessing = 0;
		};
		08E9579E2B2C02AE006C31AF /* Frameworks */ = {
			isa = PBXFrameworksBuildPhase;
			buildActionMask = 2147483647;
			files = (
				084375F52B4D30870070B321 /* RxCocoa-Dynamic in Frameworks */,
				084375F32B4D30870070B321 /* RxCocoa in Frameworks */,
				087BE2202B4BF4DF000731B7 /* RxTest-Dynamic in Frameworks */,
				087BE21E2B4BF4DF000731B7 /* RxTest in Frameworks */,
			);
			runOnlyForDeploymentPostprocessing = 0;
		};
/* End PBXFrameworksBuildPhase section */

/* Begin PBXGroup section */
		0823B9342B319C0D0076355E /* Register */ = {
			isa = PBXGroup;
			children = (
				0823B93A2B319C4B0076355E /* Protocols */,
				0823B9392B319C440076355E /* Route */,
				0823B9382B319C3D0076355E /* Entity */,
				0823B9372B319C250076355E /* Presenter */,
				0823B9362B319C1E0076355E /* Interactor */,
				0823B9352B319C1A0076355E /* View */,
			);
			path = Register;
			sourceTree = "<group>";
		};
		0823B9352B319C1A0076355E /* View */ = {
			isa = PBXGroup;
			children = (
				0823B93B2B319C600076355E /* RegisterViewController.swift */,
				0823B93C2B319C600076355E /* RegisterViewController.xib */,
			);
			path = View;
			sourceTree = "<group>";
		};
		0823B9362B319C1E0076355E /* Interactor */ = {
			isa = PBXGroup;
			children = (
				0823B93F2B319C740076355E /* RegisterInteractor.swift */,
			);
			path = Interactor;
			sourceTree = "<group>";
		};
		0823B9372B319C250076355E /* Presenter */ = {
			isa = PBXGroup;
			children = (
				0823B9412B319C7E0076355E /* RegisterPresenter.swift */,
			);
			path = Presenter;
			sourceTree = "<group>";
		};
		0823B9382B319C3D0076355E /* Entity */ = {
			isa = PBXGroup;
			children = (
				0823B9432B319C860076355E /* RegisterEntity.swift */,
			);
			path = Entity;
			sourceTree = "<group>";
		};
		0823B9392B319C440076355E /* Route */ = {
			isa = PBXGroup;
			children = (
				0823B9452B319C8C0076355E /* RegisterRoute.swift */,
				0823B9562B31A8750076355E /* RegisterBaseEndpoint.swift */,
			);
			path = Route;
			sourceTree = "<group>";
		};
		0823B93A2B319C4B0076355E /* Protocols */ = {
			isa = PBXGroup;
			children = (
				0823B94B2B319D050076355E /* Presenter to Router */,
				0823B9492B319CE60076355E /* Interactor to Presenter */,
				0823B9482B319CA20076355E /* Presenter To Interactor */,
				0823B94A2B319CFA0076355E /* Presenter to View */,
				0823B9472B319C910076355E /* View to Presenter */,
			);
			path = Protocols;
			sourceTree = "<group>";
		};
		0823B9472B319C910076355E /* View to Presenter */ = {
			isa = PBXGroup;
			children = (
				0823B94C2B319D470076355E /* RegisterViewToPresenterProtocol.swift */,
			);
			path = "View to Presenter";
			sourceTree = "<group>";
		};
		0823B9482B319CA20076355E /* Presenter To Interactor */ = {
			isa = PBXGroup;
			children = (
				0823B94E2B319D530076355E /* RegisterPresenterToInteractorProtocol.swift */,
			);
			path = "Presenter To Interactor";
			sourceTree = "<group>";
		};
		0823B9492B319CE60076355E /* Interactor to Presenter */ = {
			isa = PBXGroup;
			children = (
				0823B9502B319D620076355E /* RegisterInteractorToPresenterProtocol.swift */,
			);
			path = "Interactor to Presenter";
			sourceTree = "<group>";
		};
		0823B94A2B319CFA0076355E /* Presenter to View */ = {
			isa = PBXGroup;
			children = (
				0823B9522B319D6B0076355E /* RegisterPresenterToViewProtocol.swift */,
			);
			path = "Presenter to View";
			sourceTree = "<group>";
		};
		0823B94B2B319D050076355E /* Presenter to Router */ = {
			isa = PBXGroup;
			children = (
				0823B9542B319D780076355E /* RegisterPresenterToRouterProtocol.swift */,
			);
			path = "Presenter to Router";
			sourceTree = "<group>";
		};
		0876017A2B457F9B0094C96B /* Register Test */ = {
			isa = PBXGroup;
			children = (
				0876017B2B457FB70094C96B /* Mock */,
				087601802B45805B0094C96B /* RegisterPresenterTest.swift */,
				08C4B6062B4697B8002C8704 /* RegisterInteractorTest.swift */,
			);
			path = "Register Test";
			sourceTree = "<group>";
		};
		0876017B2B457FB70094C96B /* Mock */ = {
			isa = PBXGroup;
			children = (
				0876017C2B457FC60094C96B /* MockRegisterView.swift */,
				0876017E2B457FDD0094C96B /* MockRegisterInteractor.swift */,
				08C4B6082B469843002C8704 /* MockRegisterPresenter.swift */,
			);
			path = Mock;
			sourceTree = "<group>";
		};
		087BE2192B4BEF5F000731B7 /* Login  */ = {
			isa = PBXGroup;
			children = (
				087BE21A2B4BEF6F000731B7 /* LoginViewControllerUITest.swift */,
			);
			path = "Login ";
			sourceTree = "<group>";
		};
		087BE21C2B4BF4DF000731B7 /* Frameworks */ = {
			isa = PBXGroup;
			children = (
			);
			name = Frameworks;
			sourceTree = "<group>";
		};
		08868F5D2B4FCE9400190EDD /* New List */ = {
			isa = PBXGroup;
			children = (
				08868F5E2B4FCEA700190EDD /* NewsListViewControllerUITest.swift */,
			);
			path = "New List";
			sourceTree = "<group>";
		};
		08886B402B3D681A00D9E65F /* News List */ = {
			isa = PBXGroup;
			children = (
				08886B412B3D683000D9E65F /* Mock */,
				08886B462B3D717F00D9E65F /* NewsListPresenterTest.swift */,
				0832D6E52B455C0800C3E820 /* NewsListInteractorTest.swift */,
			);
			path = "News List";
			sourceTree = "<group>";
		};
		08886B412B3D683000D9E65F /* Mock */ = {
			isa = PBXGroup;
			children = (
				08886B422B3D684500D9E65F /* MockNewsListView.swift */,
				08886B482B3D71A400D9E65F /* MockNewsListInteractor.swift */,
				0832D6E72B455D5F00C3E820 /* MockNewsListPresenter.swift */,
			);
			path = Mock;
			sourceTree = "<group>";
		};
		0897A06E2B3544D100D4C8D9 /* Custom View */ = {
			isa = PBXGroup;
			children = (
				0897A06F2B3544DA00D4C8D9 /* Button */,
			);
			path = "Custom View";
			sourceTree = "<group>";
		};
		0897A06F2B3544DA00D4C8D9 /* Button */ = {
			isa = PBXGroup;
			children = (
				0897A0702B3545B700D4C8D9 /* Button.swift */,
			);
			path = Button;
			sourceTree = "<group>";
		};
		0897A0722B357DBB00D4C8D9 /* Unit Test */ = {
			isa = PBXGroup;
			children = (
				0876017A2B457F9B0094C96B /* Register Test */,
				08886B402B3D681A00D9E65F /* News List */,
				08B09BB22B3C0A9200FC85CA /* Login Test */,
				0897A0732B357E5600D4C8D9 /* Network Manager Test */,
				0832D6E32B4531B300C3E820 /* MockError.swift */,
			);
			path = "Unit Test";
			sourceTree = "<group>";
		};
		0897A0732B357E5600D4C8D9 /* Network Manager Test */ = {
			isa = PBXGroup;
			children = (
				0897A07F2B35A4DA00D4C8D9 /* Mock */,
				0897A0822B35ACAD00D4C8D9 /* NetworkManagerTest.swift */,
			);
			path = "Network Manager Test";
			sourceTree = "<group>";
		};
		0897A0782B35886900D4C8D9 /* Network */ = {
			isa = PBXGroup;
			children = (
				0897A0792B35887D00D4C8D9 /* NetworkManager.swift */,
			);
			path = Network;
			sourceTree = "<group>";
		};
		0897A07F2B35A4DA00D4C8D9 /* Mock */ = {
			isa = PBXGroup;
			children = (
				0897A0802B35A50100D4C8D9 /* MockNetworkManager.swift */,
			);
			path = Mock;
			sourceTree = "<group>";
		};
		08A408B52B3038C90074BF3C /* Login */ = {
			isa = PBXGroup;
			children = (
				08A408B62B3038D00074BF3C /* View */,
				08A408BB2B303DF60074BF3C /* Interactor */,
				08A408B72B3038D40074BF3C /* Presenter */,
				08A408B82B3038E50074BF3C /* Entity */,
				08A408B92B3038EB0074BF3C /* Route */,
				08A408BA2B3038F10074BF3C /* Protocols */,
			);
			path = Login;
			sourceTree = "<group>";
		};
		08A408B62B3038D00074BF3C /* View */ = {
			isa = PBXGroup;
			children = (
				08A408BD2B303E110074BF3C /* LoginViewController.swift */,
				08A408BE2B303E110074BF3C /* LoginViewController.xib */,
			);
			path = View;
			sourceTree = "<group>";
		};
		08A408B72B3038D40074BF3C /* Presenter */ = {
			isa = PBXGroup;
			children = (
				08A408C32B303EB70074BF3C /* LoginPresenter.swift */,
			);
			path = Presenter;
			sourceTree = "<group>";
		};
		08A408B82B3038E50074BF3C /* Entity */ = {
			isa = PBXGroup;
			children = (
				0823B9322B3186030076355E /* LoginEntity.swift */,
			);
			path = Entity;
			sourceTree = "<group>";
		};
		08A408B92B3038EB0074BF3C /* Route */ = {
			isa = PBXGroup;
			children = (
				08A408C52B303EBF0074BF3C /* LoginRoute.swift */,
				0823B9302B3182430076355E /* LoginBaseEndpoint.swift */,
			);
			path = Route;
			sourceTree = "<group>";
		};
		08A408BA2B3038F10074BF3C /* Protocols */ = {
			isa = PBXGroup;
			children = (
				08A408C72B3042C00074BF3C /* View to Presenter */,
				08A408C82B3042C60074BF3C /* Presenter to Interactor */,
				08A408C92B3042CE0074BF3C /* Interactor to Presenter */,
				08A408CA2B3042E60074BF3C /* Presenter to View */,
				08A408CB2B3042EF0074BF3C /* Presenter to Router */,
			);
			path = Protocols;
			sourceTree = "<group>";
		};
		08A408BB2B303DF60074BF3C /* Interactor */ = {
			isa = PBXGroup;
			children = (
				08A408C12B303E3D0074BF3C /* LoginInteractor.swift */,
			);
			path = Interactor;
			sourceTree = "<group>";
		};
		08A408C72B3042C00074BF3C /* View to Presenter */ = {
			isa = PBXGroup;
			children = (
				0823B9262B316ED60076355E /* LoginViewToPresenterProtocol.swift */,
			);
			path = "View to Presenter";
			sourceTree = "<group>";
		};
		08A408C82B3042C60074BF3C /* Presenter to Interactor */ = {
			isa = PBXGroup;
			children = (
				0823B9282B316EE10076355E /* LoginPresenterToInteractorProtocol.swift */,
			);
			path = "Presenter to Interactor";
			sourceTree = "<group>";
		};
		08A408C92B3042CE0074BF3C /* Interactor to Presenter */ = {
			isa = PBXGroup;
			children = (
				0823B92E2B316EFF0076355E /* LoginInteractorToPresenterProtocol.swift */,
			);
			path = "Interactor to Presenter";
			sourceTree = "<group>";
		};
		08A408CA2B3042E60074BF3C /* Presenter to View */ = {
			isa = PBXGroup;
			children = (
				0823B92C2B316EF40076355E /* LoginPresenterToViewProtocol.swift */,
			);
			path = "Presenter to View";
			sourceTree = "<group>";
		};
		08A408CB2B3042EF0074BF3C /* Presenter to Router */ = {
			isa = PBXGroup;
			children = (
				0823B92A2B316EEB0076355E /* LoginPresenterToRouterProtocol.swift */,
			);
			path = "Presenter to Router";
			sourceTree = "<group>";
		};
		08B09BB22B3C0A9200FC85CA /* Login Test */ = {
			isa = PBXGroup;
			children = (
				08B09BB62B3C0BCF00FC85CA /* Mock */,
				08B09BB32B3C0ABF00FC85CA /* LoginPresenterTest.swift */,
				08B09BC02B3C171B00FC85CA /* LoginInteractorTest.swift */,
			);
			path = "Login Test";
			sourceTree = "<group>";
		};
		08B09BB62B3C0BCF00FC85CA /* Mock */ = {
			isa = PBXGroup;
			children = (
				08B09BBA2B3C0C2E00FC85CA /* MockView.swift */,
				08B09BBC2B3C0C6E00FC85CA /* MockRouter.swift */,
				08B09BBE2B3C16B300FC85CA /* MockPresenter.swift */,
				08B09BC22B3C20B500FC85CA /* MockInteractor.swift */,
			);
			path = Mock;
			sourceTree = "<group>";
		};
		08DDE3C82B32EE15002DAE21 /* Localize String */ = {
			isa = PBXGroup;
			children = (
				08DDE3CF2B32EE5F002DAE21 /* StructLocalization.swift */,
				08DDE3CD2B32EE3B002DAE21 /* Localizable.strings */,
			);
			path = "Localize String";
			sourceTree = "<group>";
		};
		08DDE3D12B32F046002DAE21 /* Localize */ = {
			isa = PBXGroup;
			children = (
				08DDE3D22B32F055002DAE21 /* LocalizationHelper.swift */,
			);
			path = Localize;
			sourceTree = "<group>";
		};
		08E9577E2B2C02AD006C31AF = {
			isa = PBXGroup;
			children = (
				08E957892B2C02AD006C31AF /* Viper Architecture */,
				08E9579A2B2C02AE006C31AF /* Viper ArchitectureTests */,
				08E957A42B2C02AE006C31AF /* Viper ArchitectureUITests */,
				08E957882B2C02AD006C31AF /* Products */,
				087BE21C2B4BF4DF000731B7 /* Frameworks */,
			);
			sourceTree = "<group>";
		};
		08E957882B2C02AD006C31AF /* Products */ = {
			isa = PBXGroup;
			children = (
				08E957872B2C02AD006C31AF /* Viper Architecture.app */,
				08E957972B2C02AE006C31AF /* Viper ArchitectureTests.xctest */,
				08E957A12B2C02AE006C31AF /* Viper ArchitectureUITests.xctest */,
			);
			name = Products;
			sourceTree = "<group>";
		};
		08E957892B2C02AD006C31AF /* Viper Architecture */ = {
			isa = PBXGroup;
			children = (
				08F478D42B3049A200362475 /* Viper-Architecture-Info.plist */,
				08E957B92B2C043F006C31AF /* Module */,
				08E957902B2C02AE006C31AF /* Preview Content */,
				08E957B62B2C03FB006C31AF /* Supporting Files */,
			);
			path = "Viper Architecture";
			sourceTree = "<group>";
		};
		08E957902B2C02AE006C31AF /* Preview Content */ = {
			isa = PBXGroup;
			children = (
				08E957912B2C02AE006C31AF /* Preview Assets.xcassets */,
			);
			path = "Preview Content";
			sourceTree = "<group>";
		};
		08E9579A2B2C02AE006C31AF /* Viper ArchitectureTests */ = {
			isa = PBXGroup;
			children = (
				0897A0722B357DBB00D4C8D9 /* Unit Test */,
				08E9579B2B2C02AE006C31AF /* Viper_ArchitectureTests.swift */,
			);
			path = "Viper ArchitectureTests";
			sourceTree = "<group>";
		};
		08E957A42B2C02AE006C31AF /* Viper ArchitectureUITests */ = {
			isa = PBXGroup;
			children = (
				08868F5D2B4FCE9400190EDD /* New List */,
				08F8AEF92B4E6FC4003D6763 /* Register */,
				087BE2192B4BEF5F000731B7 /* Login  */,
				08E957A52B2C02AE006C31AF /* Viper_ArchitectureUITests.swift */,
				08E957A72B2C02AE006C31AF /* Viper_ArchitectureUITestsLaunchTests.swift */,
			);
			path = "Viper ArchitectureUITests";
			sourceTree = "<group>";
		};
		08E957B62B2C03FB006C31AF /* Supporting Files */ = {
			isa = PBXGroup;
			children = (
				08E957B82B2C0425006C31AF /* Assets */,
				08DDE3D12B32F046002DAE21 /* Localize */,
				0897A0782B35886900D4C8D9 /* Network */,
				08E957B72B2C041A006C31AF /* Application */,
				0897A06E2B3544D100D4C8D9 /* Custom View */,
				08F478C62B30492000362475 /* Custom Fonts */,
				08DDE3C82B32EE15002DAE21 /* Localize String */,
				08E957F22B2C6620006C31AF /* Launch Screen.storyboard */,
			);
			path = "Supporting Files";
			sourceTree = "<group>";
		};
		08E957B72B2C041A006C31AF /* Application */ = {
			isa = PBXGroup;
			children = (
				08E957B42B2C035E006C31AF /* AppDelegate.swift */,
				08E957E32B2C5484006C31AF /* Constants.swift */,
			);
			path = Application;
			sourceTree = "<group>";
		};
		08E957B82B2C0425006C31AF /* Assets */ = {
			isa = PBXGroup;
			children = (
				08E9578E2B2C02AE006C31AF /* Assets.xcassets */,
			);
			path = Assets;
			sourceTree = "<group>";
		};
		08E957B92B2C043F006C31AF /* Module */ = {
			isa = PBXGroup;
			children = (
				0823B9342B319C0D0076355E /* Register */,
				08A408B52B3038C90074BF3C /* Login */,
				08E957BA2B2C044F006C31AF /* News List */,
			);
			path = Module;
			sourceTree = "<group>";
		};
		08E957BA2B2C044F006C31AF /* News List */ = {
			isa = PBXGroup;
			children = (
				08E957BB2B2C0595006C31AF /* View */,
				08E957BD2B2C05A7006C31AF /* Interactor */,
				08E957BC2B2C059B006C31AF /* Presenter */,
				08E957BE2B2C05AC006C31AF /* Entity */,
				08E957BF2B2C05B2006C31AF /* Route */,
				08E957C02B2C05C0006C31AF /* Protocols */,
			);
			path = "News List";
			sourceTree = "<group>";
		};
		08E957BB2B2C0595006C31AF /* View */ = {
			isa = PBXGroup;
			children = (
				08E957ED2B2C6349006C31AF /* Cell */,
				08E957EC2B2C633B006C31AF /* View Controller */,
			);
			path = View;
			sourceTree = "<group>";
		};
		08E957BC2B2C059B006C31AF /* Presenter */ = {
			isa = PBXGroup;
			children = (
				08E957C92B2C3973006C31AF /* NewsListPresenter.swift */,
			);
			path = Presenter;
			sourceTree = "<group>";
		};
		08E957BD2B2C05A7006C31AF /* Interactor */ = {
			isa = PBXGroup;
			children = (
				08E957E12B2C5195006C31AF /* NewsListInteractor.swift */,
			);
			path = Interactor;
			sourceTree = "<group>";
		};
		08E957BE2B2C05AC006C31AF /* Entity */ = {
			isa = PBXGroup;
			children = (
				08E957DC2B2C4A57006C31AF /* NewsListEntity.swift */,
				08E957E52B2C54D6006C31AF /* NewsResponse.swift */,
			);
			path = Entity;
			sourceTree = "<group>";
		};
		08E957BF2B2C05B2006C31AF /* Route */ = {
			isa = PBXGroup;
			children = (
				08E957E72B2C55D7006C31AF /* NewsListRoute.swift */,
				0897A06C2B344F3300D4C8D9 /* NewsListBaseEndpoint.swift */,
			);
			path = Route;
			sourceTree = "<group>";
		};
		08E957C02B2C05C0006C31AF /* Protocols */ = {
			isa = PBXGroup;
			children = (
				08E957CD2B2C3C33006C31AF /* View to Presenter */,
				08E957CE2B2C3C3E006C31AF /* Presenter to Interactor */,
				08E957CF2B2C3C53006C31AF /* Interactor to Presenter */,
				08E957D02B2C3C5F006C31AF /* Presenter to View */,
				08E957D12B2C3C6D006C31AF /* Presenter to Router */,
			);
			path = Protocols;
			sourceTree = "<group>";
		};
		08E957CD2B2C3C33006C31AF /* View to Presenter */ = {
			isa = PBXGroup;
			children = (
				08E957D22B2C3E0F006C31AF /* NewsListViewToPresenterProtocol.swift */,
			);
			path = "View to Presenter";
			sourceTree = "<group>";
		};
		08E957CE2B2C3C3E006C31AF /* Presenter to Interactor */ = {
			isa = PBXGroup;
			children = (
				08E957D42B2C3E78006C31AF /* NewsListPresenterToInteractorProtocol.swift */,
			);
			path = "Presenter to Interactor";
			sourceTree = "<group>";
		};
		08E957CF2B2C3C53006C31AF /* Interactor to Presenter */ = {
			isa = PBXGroup;
			children = (
				08E957D62B2C3F22006C31AF /* NewsListInteractorToPresenterProtocol.swift */,
			);
			path = "Interactor to Presenter";
			sourceTree = "<group>";
		};
		08E957D02B2C3C5F006C31AF /* Presenter to View */ = {
			isa = PBXGroup;
			children = (
				08E957D82B2C3F44006C31AF /* NewsListPresenterToViewProtocol.swift */,
			);
			path = "Presenter to View";
			sourceTree = "<group>";
		};
		08E957D12B2C3C6D006C31AF /* Presenter to Router */ = {
			isa = PBXGroup;
			children = (
				08E957DA2B2C3F64006C31AF /* NewsListPresenterToRouterProtocol.swift */,
			);
			path = "Presenter to Router";
			sourceTree = "<group>";
		};
		08E957EC2B2C633B006C31AF /* View Controller */ = {
			isa = PBXGroup;
			children = (
				08E957C52B2C0A2A006C31AF /* NewsListViewController.swift */,
				08E957C62B2C0A2A006C31AF /* NewsListViewController.xib */,
			);
			path = "View Controller";
			sourceTree = "<group>";
		};
		08E957ED2B2C6349006C31AF /* Cell */ = {
			isa = PBXGroup;
			children = (
				08E957EE2B2C635E006C31AF /* NewsListTableViewCell.swift */,
				08E957EF2B2C635E006C31AF /* NewsListTableViewCell.xib */,
			);
			path = Cell;
			sourceTree = "<group>";
		};
		08F478C62B30492000362475 /* Custom Fonts */ = {
			isa = PBXGroup;
			children = (
				08F478C72B30494800362475 /* Font Sans */,
				0865F5D32B304A3D00FB1C50 /* UIFont.swift */,
			);
			path = "Custom Fonts";
			sourceTree = "<group>";
		};
		08F478C72B30494800362475 /* Font Sans */ = {
			isa = PBXGroup;
			children = (
				08F478C82B30495700362475 /* Product Sans Bold Italic.ttf */,
				08F478CB2B30495700362475 /* Product Sans Bold.ttf */,
				08F478CD2B30495700362475 /* Product Sans Italic.ttf */,
				08F478C92B30495700362475 /* Product Sans Light.ttf */,
				08F478CA2B30495700362475 /* Product Sans Medium.ttf */,
				08F478CC2B30495700362475 /* Product Sans Regular.ttf */,
			);
			path = "Font Sans";
			sourceTree = "<group>";
		};
		08F8AEF92B4E6FC4003D6763 /* Register */ = {
			isa = PBXGroup;
			children = (
				08F8AEFA2B4E6FD4003D6763 /* RegisterViewControllerUITest.swift */,
			);
			path = Register;
			sourceTree = "<group>";
		};
/* End PBXGroup section */

/* Begin PBXNativeTarget section */
		08E957862B2C02AD006C31AF /* Viper Architecture */ = {
			isa = PBXNativeTarget;
			buildConfigurationList = 08E957AB2B2C02AE006C31AF /* Build configuration list for PBXNativeTarget "Viper Architecture" */;
			buildPhases = (
				08E957832B2C02AD006C31AF /* Sources */,
				08E957842B2C02AD006C31AF /* Frameworks */,
				08E957852B2C02AD006C31AF /* Resources */,
			);
			buildRules = (
			);
			dependencies = (
			);
			name = "Viper Architecture";
			packageProductDependencies = (
				08DDE3DF2B34282E002DAE21 /* Alamofire */,
				08DDE3F72B342DA3002DAE21 /* RxCocoa */,
				08DDE3F92B342DA3002DAE21 /* RxCocoa-Dynamic */,
				08DDE3FB2B342DA3002DAE21 /* RxRelay */,
				08DDE3FD2B342DA3002DAE21 /* RxRelay-Dynamic */,
				08DDE3FF2B342DA3002DAE21 /* RxSwift */,
				08DDE4012B342DA3002DAE21 /* RxSwift-Dynamic */,
			);
			productName = "Viper Architecture";
			productReference = 08E957872B2C02AD006C31AF /* Viper Architecture.app */;
			productType = "com.apple.product-type.application";
		};
		08E957962B2C02AE006C31AF /* Viper ArchitectureTests */ = {
			isa = PBXNativeTarget;
			buildConfigurationList = 08E957AE2B2C02AE006C31AF /* Build configuration list for PBXNativeTarget "Viper ArchitectureTests" */;
			buildPhases = (
				08E957932B2C02AE006C31AF /* Sources */,
				08E957942B2C02AE006C31AF /* Frameworks */,
				08E957952B2C02AE006C31AF /* Resources */,
				084375F12B4D304B0070B321 /* Embed Frameworks */,
			);
			buildRules = (
			);
			dependencies = (
				08E957992B2C02AE006C31AF /* PBXTargetDependency */,
			);
			name = "Viper ArchitectureTests";
			packageProductDependencies = (
				0897A0842B35ACDD00D4C8D9 /* RxTest */,
				0897A0862B35ACDD00D4C8D9 /* RxTest-Dynamic */,
				084375EC2B4D304B0070B321 /* RxCocoa */,
				084375EE2B4D304B0070B321 /* RxCocoa-Dynamic */,
			);
			productName = "Viper ArchitectureTests";
			productReference = 08E957972B2C02AE006C31AF /* Viper ArchitectureTests.xctest */;
			productType = "com.apple.product-type.bundle.unit-test";
		};
		08E957A02B2C02AE006C31AF /* Viper ArchitectureUITests */ = {
			isa = PBXNativeTarget;
			buildConfigurationList = 08E957B12B2C02AE006C31AF /* Build configuration list for PBXNativeTarget "Viper ArchitectureUITests" */;
			buildPhases = (
				08E9579D2B2C02AE006C31AF /* Sources */,
				08E9579E2B2C02AE006C31AF /* Frameworks */,
				08E9579F2B2C02AE006C31AF /* Resources */,
				087BE2222B4BF4DF000731B7 /* Embed Frameworks */,
			);
			buildRules = (
			);
			dependencies = (
				08E957A32B2C02AE006C31AF /* PBXTargetDependency */,
			);
			name = "Viper ArchitectureUITests";
			packageProductDependencies = (
				087BE21D2B4BF4DF000731B7 /* RxTest */,
				087BE21F2B4BF4DF000731B7 /* RxTest-Dynamic */,
				084375F22B4D30870070B321 /* RxCocoa */,
				084375F42B4D30870070B321 /* RxCocoa-Dynamic */,
			);
			productName = "Viper ArchitectureUITests";
			productReference = 08E957A12B2C02AE006C31AF /* Viper ArchitectureUITests.xctest */;
			productType = "com.apple.product-type.bundle.ui-testing";
		};
/* End PBXNativeTarget section */

/* Begin PBXProject section */
		08E9577F2B2C02AD006C31AF /* Project object */ = {
			isa = PBXProject;
			attributes = {
				BuildIndependentTargetsInParallel = 1;
				LastSwiftUpdateCheck = 1500;
				LastUpgradeCheck = 1500;
				TargetAttributes = {
					08E957862B2C02AD006C31AF = {
						CreatedOnToolsVersion = 15.0;
					};
					08E957962B2C02AE006C31AF = {
						CreatedOnToolsVersion = 15.0;
						TestTargetID = 08E957862B2C02AD006C31AF;
					};
					08E957A02B2C02AE006C31AF = {
						CreatedOnToolsVersion = 15.0;
						TestTargetID = 08E957862B2C02AD006C31AF;
					};
				};
			};
			buildConfigurationList = 08E957822B2C02AD006C31AF /* Build configuration list for PBXProject "Viper Architecture" */;
			compatibilityVersion = "Xcode 14.0";
			developmentRegion = en;
			hasScannedForEncodings = 0;
			knownRegions = (
				en,
				Base,
				id,
			);
			mainGroup = 08E9577E2B2C02AD006C31AF;
			packageReferences = (
				08DDE3DE2B34282E002DAE21 /* XCRemoteSwiftPackageReference "Alamofire" */,
				08DDE3F62B342DA3002DAE21 /* XCRemoteSwiftPackageReference "RxSwift" */,
			);
			productRefGroup = 08E957882B2C02AD006C31AF /* Products */;
			projectDirPath = "";
			projectRoot = "";
			targets = (
				08E957862B2C02AD006C31AF /* Viper Architecture */,
				08E957962B2C02AE006C31AF /* Viper ArchitectureTests */,
				08E957A02B2C02AE006C31AF /* Viper ArchitectureUITests */,
			);
		};
/* End PBXProject section */

/* Begin PBXResourcesBuildPhase section */
		08E957852B2C02AD006C31AF /* Resources */ = {
			isa = PBXResourcesBuildPhase;
			buildActionMask = 2147483647;
			files = (
				08F478CF2B30495700362475 /* Product Sans Light.ttf in Resources */,
				0823B93E2B319C600076355E /* RegisterViewController.xib in Resources */,
				08E957922B2C02AE006C31AF /* Preview Assets.xcassets in Resources */,
				08DDE3CB2B32EE3B002DAE21 /* Localizable.strings in Resources */,
				08F478D02B30495700362475 /* Product Sans Medium.ttf in Resources */,
				08F478CE2B30495700362475 /* Product Sans Bold Italic.ttf in Resources */,
				08F478D32B30495700362475 /* Product Sans Italic.ttf in Resources */,
				08E957C82B2C0A2A006C31AF /* NewsListViewController.xib in Resources */,
				08A408C02B303E110074BF3C /* LoginViewController.xib in Resources */,
				08E957F12B2C635E006C31AF /* NewsListTableViewCell.xib in Resources */,
				08F478D22B30495700362475 /* Product Sans Regular.ttf in Resources */,
				08E957F32B2C6620006C31AF /* Launch Screen.storyboard in Resources */,
				08E9578F2B2C02AE006C31AF /* Assets.xcassets in Resources */,
				08F478D12B30495700362475 /* Product Sans Bold.ttf in Resources */,
			);
			runOnlyForDeploymentPostprocessing = 0;
		};
		08E957952B2C02AE006C31AF /* Resources */ = {
			isa = PBXResourcesBuildPhase;
			buildActionMask = 2147483647;
			files = (
			);
			runOnlyForDeploymentPostprocessing = 0;
		};
		08E9579F2B2C02AE006C31AF /* Resources */ = {
			isa = PBXResourcesBuildPhase;
			buildActionMask = 2147483647;
			files = (
			);
			runOnlyForDeploymentPostprocessing = 0;
		};
/* End PBXResourcesBuildPhase section */

/* Begin PBXSourcesBuildPhase section */
		08E957832B2C02AD006C31AF /* Sources */ = {
			isa = PBXSourcesBuildPhase;
			buildActionMask = 2147483647;
			files = (
				0823B93D2B319C600076355E /* RegisterViewController.swift in Sources */,
				08E957B52B2C035E006C31AF /* AppDelegate.swift in Sources */,
				0897A06D2B344F3300D4C8D9 /* NewsListBaseEndpoint.swift in Sources */,
				0823B92D2B316EF40076355E /* LoginPresenterToViewProtocol.swift in Sources */,
				08E957E82B2C55D7006C31AF /* NewsListRoute.swift in Sources */,
				08E957E42B2C5484006C31AF /* Constants.swift in Sources */,
				08DDE3D32B32F055002DAE21 /* LocalizationHelper.swift in Sources */,
				0823B9312B3182430076355E /* LoginBaseEndpoint.swift in Sources */,
				08A408BF2B303E110074BF3C /* LoginViewController.swift in Sources */,
				0823B9442B319C860076355E /* RegisterEntity.swift in Sources */,
				08A408C22B303E3D0074BF3C /* LoginInteractor.swift in Sources */,
				08E957DB2B2C3F64006C31AF /* NewsListPresenterToRouterProtocol.swift in Sources */,
				0823B9462B319C8C0076355E /* RegisterRoute.swift in Sources */,
				0823B9272B316ED60076355E /* LoginViewToPresenterProtocol.swift in Sources */,
				0897A0712B3545B700D4C8D9 /* Button.swift in Sources */,
				08E957D32B2C3E0F006C31AF /* NewsListViewToPresenterProtocol.swift in Sources */,
				0823B94D2B319D470076355E /* RegisterViewToPresenterProtocol.swift in Sources */,
				08E957C72B2C0A2A006C31AF /* NewsListViewController.swift in Sources */,
				08E957E62B2C54D6006C31AF /* NewsResponse.swift in Sources */,
				0823B9572B31A8750076355E /* RegisterBaseEndpoint.swift in Sources */,
				0823B92B2B316EEB0076355E /* LoginPresenterToRouterProtocol.swift in Sources */,
				0823B92F2B316EFF0076355E /* LoginInteractorToPresenterProtocol.swift in Sources */,
				0823B9402B319C740076355E /* RegisterInteractor.swift in Sources */,
				08A408C42B303EB70074BF3C /* LoginPresenter.swift in Sources */,
				0897A07A2B35887D00D4C8D9 /* NetworkManager.swift in Sources */,
				08E957D72B2C3F22006C31AF /* NewsListInteractorToPresenterProtocol.swift in Sources */,
				0823B9512B319D620076355E /* RegisterInteractorToPresenterProtocol.swift in Sources */,
				0865F5D42B304A3D00FB1C50 /* UIFont.swift in Sources */,
				08A408C62B303EBF0074BF3C /* LoginRoute.swift in Sources */,
				0823B94F2B319D530076355E /* RegisterPresenterToInteractorProtocol.swift in Sources */,
				08E957E22B2C5195006C31AF /* NewsListInteractor.swift in Sources */,
				08E957D92B2C3F44006C31AF /* NewsListPresenterToViewProtocol.swift in Sources */,
				08E957CA2B2C3973006C31AF /* NewsListPresenter.swift in Sources */,
				0823B9422B319C7E0076355E /* RegisterPresenter.swift in Sources */,
				0823B9292B316EE10076355E /* LoginPresenterToInteractorProtocol.swift in Sources */,
				08E957DD2B2C4A57006C31AF /* NewsListEntity.swift in Sources */,
				08E957F02B2C635E006C31AF /* NewsListTableViewCell.swift in Sources */,
				0823B9532B319D6B0076355E /* RegisterPresenterToViewProtocol.swift in Sources */,
				0823B9552B319D780076355E /* RegisterPresenterToRouterProtocol.swift in Sources */,
				08DDE3D02B32EE5F002DAE21 /* StructLocalization.swift in Sources */,
				0823B9332B3186030076355E /* LoginEntity.swift in Sources */,
				08E957D52B2C3E78006C31AF /* NewsListPresenterToInteractorProtocol.swift in Sources */,
			);
			runOnlyForDeploymentPostprocessing = 0;
		};
		08E957932B2C02AE006C31AF /* Sources */ = {
			isa = PBXSourcesBuildPhase;
			buildActionMask = 2147483647;
			files = (
				08B09BC12B3C171B00FC85CA /* LoginInteractorTest.swift in Sources */,
				08B09BBD2B3C0C6E00FC85CA /* MockRouter.swift in Sources */,
				08886B472B3D717F00D9E65F /* NewsListPresenterTest.swift in Sources */,
				087601812B45805B0094C96B /* RegisterPresenterTest.swift in Sources */,
				08B09BB42B3C0ABF00FC85CA /* LoginPresenterTest.swift in Sources */,
				08B09BBF2B3C16B300FC85CA /* MockPresenter.swift in Sources */,
				0832D6E42B4531B300C3E820 /* MockError.swift in Sources */,
				0876017F2B457FDD0094C96B /* MockRegisterInteractor.swift in Sources */,
				08886B492B3D71A400D9E65F /* MockNewsListInteractor.swift in Sources */,
				0832D6E62B455C0800C3E820 /* NewsListInteractorTest.swift in Sources */,
				0897A0832B35ACAD00D4C8D9 /* NetworkManagerTest.swift in Sources */,
				0832D6E82B455D5F00C3E820 /* MockNewsListPresenter.swift in Sources */,
				0897A0812B35A50100D4C8D9 /* MockNetworkManager.swift in Sources */,
				08C4B6092B469843002C8704 /* MockRegisterPresenter.swift in Sources */,
				0876017D2B457FC60094C96B /* MockRegisterView.swift in Sources */,
				08C4B6072B4697B8002C8704 /* RegisterInteractorTest.swift in Sources */,
				08B09BC32B3C20B500FC85CA /* MockInteractor.swift in Sources */,
				08886B432B3D684500D9E65F /* MockNewsListView.swift in Sources */,
				08B09BBB2B3C0C2E00FC85CA /* MockView.swift in Sources */,
				08E9579C2B2C02AE006C31AF /* Viper_ArchitectureTests.swift in Sources */,
			);
			runOnlyForDeploymentPostprocessing = 0;
		};
		08E9579D2B2C02AE006C31AF /* Sources */ = {
			isa = PBXSourcesBuildPhase;
			buildActionMask = 2147483647;
			files = (
				08E957A82B2C02AE006C31AF /* Viper_ArchitectureUITestsLaunchTests.swift in Sources */,
				08AE14482B4D56D300965A14 /* StructLocalization.swift in Sources */,
				087BE21B2B4BEF6F000731B7 /* LoginViewControllerUITest.swift in Sources */,
				08F8AEFB2B4E6FD4003D6763 /* RegisterViewControllerUITest.swift in Sources */,
				08E957A62B2C02AE006C31AF /* Viper_ArchitectureUITests.swift in Sources */,
				084C31052B4D62300057B4D4 /* Button.swift in Sources */,
				08AE14492B4D56ED00965A14 /* LocalizationHelper.swift in Sources */,
				08868F5F2B4FCEA700190EDD /* NewsListViewControllerUITest.swift in Sources */,
			);
			runOnlyForDeploymentPostprocessing = 0;
		};
/* End PBXSourcesBuildPhase section */

/* Begin PBXTargetDependency section */
		08E957992B2C02AE006C31AF /* PBXTargetDependency */ = {
			isa = PBXTargetDependency;
			target = 08E957862B2C02AD006C31AF /* Viper Architecture */;
			targetProxy = 08E957982B2C02AE006C31AF /* PBXContainerItemProxy */;
		};
		08E957A32B2C02AE006C31AF /* PBXTargetDependency */ = {
			isa = PBXTargetDependency;
			target = 08E957862B2C02AD006C31AF /* Viper Architecture */;
			targetProxy = 08E957A22B2C02AE006C31AF /* PBXContainerItemProxy */;
		};
/* End PBXTargetDependency section */

/* Begin PBXVariantGroup section */
		08DDE3CD2B32EE3B002DAE21 /* Localizable.strings */ = {
			isa = PBXVariantGroup;
			children = (
				08DDE3CC2B32EE3B002DAE21 /* en */,
				08DDE3CE2B32EE3E002DAE21 /* id */,
			);
			name = Localizable.strings;
			sourceTree = "<group>";
		};
/* End PBXVariantGroup section */

/* Begin XCBuildConfiguration section */
		08E957A92B2C02AE006C31AF /* Debug */ = {
			isa = XCBuildConfiguration;
			buildSettings = {
				ALWAYS_SEARCH_USER_PATHS = NO;
				ASSETCATALOG_COMPILER_GENERATE_SWIFT_ASSET_SYMBOL_EXTENSIONS = YES;
				CLANG_ANALYZER_NONNULL = YES;
				CLANG_ANALYZER_NUMBER_OBJECT_CONVERSION = YES_AGGRESSIVE;
				CLANG_CXX_LANGUAGE_STANDARD = "gnu++20";
				CLANG_ENABLE_MODULES = YES;
				CLANG_ENABLE_OBJC_ARC = YES;
				CLANG_ENABLE_OBJC_WEAK = YES;
				CLANG_WARN_BLOCK_CAPTURE_AUTORELEASING = YES;
				CLANG_WARN_BOOL_CONVERSION = YES;
				CLANG_WARN_COMMA = YES;
				CLANG_WARN_CONSTANT_CONVERSION = YES;
				CLANG_WARN_DEPRECATED_OBJC_IMPLEMENTATIONS = YES;
				CLANG_WARN_DIRECT_OBJC_ISA_USAGE = YES_ERROR;
				CLANG_WARN_DOCUMENTATION_COMMENTS = YES;
				CLANG_WARN_EMPTY_BODY = YES;
				CLANG_WARN_ENUM_CONVERSION = YES;
				CLANG_WARN_INFINITE_RECURSION = YES;
				CLANG_WARN_INT_CONVERSION = YES;
				CLANG_WARN_NON_LITERAL_NULL_CONVERSION = YES;
				CLANG_WARN_OBJC_IMPLICIT_RETAIN_SELF = YES;
				CLANG_WARN_OBJC_LITERAL_CONVERSION = YES;
				CLANG_WARN_OBJC_ROOT_CLASS = YES_ERROR;
				CLANG_WARN_QUOTED_INCLUDE_IN_FRAMEWORK_HEADER = YES;
				CLANG_WARN_RANGE_LOOP_ANALYSIS = YES;
				CLANG_WARN_STRICT_PROTOTYPES = YES;
				CLANG_WARN_SUSPICIOUS_MOVE = YES;
				CLANG_WARN_UNGUARDED_AVAILABILITY = YES_AGGRESSIVE;
				CLANG_WARN_UNREACHABLE_CODE = YES;
				CLANG_WARN__DUPLICATE_METHOD_MATCH = YES;
				COPY_PHASE_STRIP = NO;
				DEBUG_INFORMATION_FORMAT = dwarf;
				DEFINES_MODULE = YES;
				ENABLE_STRICT_OBJC_MSGSEND = YES;
				ENABLE_TESTABILITY = YES;
				ENABLE_USER_SCRIPT_SANDBOXING = YES;
				GCC_C_LANGUAGE_STANDARD = gnu17;
				GCC_DYNAMIC_NO_PIC = NO;
				GCC_NO_COMMON_BLOCKS = YES;
				GCC_OPTIMIZATION_LEVEL = 0;
				GCC_PREPROCESSOR_DEFINITIONS = (
					"DEBUG=1",
					"$(inherited)",
				);
				GCC_WARN_64_TO_32_BIT_CONVERSION = YES;
				GCC_WARN_ABOUT_RETURN_TYPE = YES_ERROR;
				GCC_WARN_UNDECLARED_SELECTOR = YES;
				GCC_WARN_UNINITIALIZED_AUTOS = YES_AGGRESSIVE;
				GCC_WARN_UNUSED_FUNCTION = YES;
				GCC_WARN_UNUSED_VARIABLE = YES;
				IPHONEOS_DEPLOYMENT_TARGET = 15.0;
				LOCALIZATION_PREFERS_STRING_CATALOGS = YES;
				MTL_ENABLE_DEBUG_INFO = INCLUDE_SOURCE;
				MTL_FAST_MATH = YES;
				ONLY_ACTIVE_ARCH = YES;
				SDKROOT = iphoneos;
				SWIFT_ACTIVE_COMPILATION_CONDITIONS = "DEBUG $(inherited)";
				SWIFT_OPTIMIZATION_LEVEL = "-Onone";
			};
			name = Debug;
		};
		08E957AA2B2C02AE006C31AF /* Release */ = {
			isa = XCBuildConfiguration;
			buildSettings = {
				ALWAYS_SEARCH_USER_PATHS = NO;
				ASSETCATALOG_COMPILER_GENERATE_SWIFT_ASSET_SYMBOL_EXTENSIONS = YES;
				CLANG_ANALYZER_NONNULL = YES;
				CLANG_ANALYZER_NUMBER_OBJECT_CONVERSION = YES_AGGRESSIVE;
				CLANG_CXX_LANGUAGE_STANDARD = "gnu++20";
				CLANG_ENABLE_MODULES = YES;
				CLANG_ENABLE_OBJC_ARC = YES;
				CLANG_ENABLE_OBJC_WEAK = YES;
				CLANG_WARN_BLOCK_CAPTURE_AUTORELEASING = YES;
				CLANG_WARN_BOOL_CONVERSION = YES;
				CLANG_WARN_COMMA = YES;
				CLANG_WARN_CONSTANT_CONVERSION = YES;
				CLANG_WARN_DEPRECATED_OBJC_IMPLEMENTATIONS = YES;
				CLANG_WARN_DIRECT_OBJC_ISA_USAGE = YES_ERROR;
				CLANG_WARN_DOCUMENTATION_COMMENTS = YES;
				CLANG_WARN_EMPTY_BODY = YES;
				CLANG_WARN_ENUM_CONVERSION = YES;
				CLANG_WARN_INFINITE_RECURSION = YES;
				CLANG_WARN_INT_CONVERSION = YES;
				CLANG_WARN_NON_LITERAL_NULL_CONVERSION = YES;
				CLANG_WARN_OBJC_IMPLICIT_RETAIN_SELF = YES;
				CLANG_WARN_OBJC_LITERAL_CONVERSION = YES;
				CLANG_WARN_OBJC_ROOT_CLASS = YES_ERROR;
				CLANG_WARN_QUOTED_INCLUDE_IN_FRAMEWORK_HEADER = YES;
				CLANG_WARN_RANGE_LOOP_ANALYSIS = YES;
				CLANG_WARN_STRICT_PROTOTYPES = YES;
				CLANG_WARN_SUSPICIOUS_MOVE = YES;
				CLANG_WARN_UNGUARDED_AVAILABILITY = YES_AGGRESSIVE;
				CLANG_WARN_UNREACHABLE_CODE = YES;
				CLANG_WARN__DUPLICATE_METHOD_MATCH = YES;
				COPY_PHASE_STRIP = NO;
				DEBUG_INFORMATION_FORMAT = "dwarf-with-dsym";
				DEFINES_MODULE = YES;
				ENABLE_NS_ASSERTIONS = NO;
				ENABLE_STRICT_OBJC_MSGSEND = YES;
				ENABLE_USER_SCRIPT_SANDBOXING = YES;
				GCC_C_LANGUAGE_STANDARD = gnu17;
				GCC_NO_COMMON_BLOCKS = YES;
				GCC_WARN_64_TO_32_BIT_CONVERSION = YES;
				GCC_WARN_ABOUT_RETURN_TYPE = YES_ERROR;
				GCC_WARN_UNDECLARED_SELECTOR = YES;
				GCC_WARN_UNINITIALIZED_AUTOS = YES_AGGRESSIVE;
				GCC_WARN_UNUSED_FUNCTION = YES;
				GCC_WARN_UNUSED_VARIABLE = YES;
				IPHONEOS_DEPLOYMENT_TARGET = 15.0;
				LOCALIZATION_PREFERS_STRING_CATALOGS = YES;
				MTL_ENABLE_DEBUG_INFO = NO;
				MTL_FAST_MATH = YES;
				SDKROOT = iphoneos;
				SWIFT_COMPILATION_MODE = wholemodule;
				VALIDATE_PRODUCT = YES;
			};
			name = Release;
		};
		08E957AC2B2C02AE006C31AF /* Debug */ = {
			isa = XCBuildConfiguration;
			buildSettings = {
				ASSETCATALOG_COMPILER_APPICON_NAME = AppIcon;
				ASSETCATALOG_COMPILER_GLOBAL_ACCENT_COLOR_NAME = AccentColor;
				CODE_SIGN_STYLE = Automatic;
				CURRENT_PROJECT_VERSION = 1;
				DEFINES_MODULE = NO;
				DEVELOPMENT_ASSET_PATHS = "\"Viper Architecture/Preview Content\"";
				DEVELOPMENT_TEAM = 3HGJV364P5;
				ENABLE_PREVIEWS = YES;
				GENERATE_INFOPLIST_FILE = YES;
				INFOPLIST_FILE = "Viper-Architecture-Info.plist";
				INFOPLIST_KEY_LSApplicationCategoryType = "public.app-category.education";
				INFOPLIST_KEY_UIApplicationSupportsIndirectInputEvents = YES;
				INFOPLIST_KEY_UILaunchScreen_Generation = YES;
				INFOPLIST_KEY_UILaunchStoryboardName = "Launch Screen.storyboard";
				INFOPLIST_KEY_UISupportedInterfaceOrientations_iPad = "UIInterfaceOrientationPortrait UIInterfaceOrientationPortraitUpsideDown UIInterfaceOrientationLandscapeLeft UIInterfaceOrientationLandscapeRight";
				INFOPLIST_KEY_UISupportedInterfaceOrientations_iPhone = "UIInterfaceOrientationPortrait UIInterfaceOrientationLandscapeLeft UIInterfaceOrientationLandscapeRight";
				IPHONEOS_DEPLOYMENT_TARGET = 15.0;
				LD_RUNPATH_SEARCH_PATHS = (
					"$(inherited)",
					"@executable_path/Frameworks",
				);
				MARKETING_VERSION = 1.0;
				PRODUCT_BUNDLE_IDENTIFIER = "mahaarta.Viper-Architecture";
				PRODUCT_NAME = "$(TARGET_NAME)";
				SWIFT_EMIT_LOC_STRINGS = YES;
				SWIFT_VERSION = 5.0;
				TARGETED_DEVICE_FAMILY = "1,2";
			};
			name = Debug;
		};
		08E957AD2B2C02AE006C31AF /* Release */ = {
			isa = XCBuildConfiguration;
			buildSettings = {
				ASSETCATALOG_COMPILER_APPICON_NAME = AppIcon;
				ASSETCATALOG_COMPILER_GLOBAL_ACCENT_COLOR_NAME = AccentColor;
				CODE_SIGN_STYLE = Automatic;
				CURRENT_PROJECT_VERSION = 1;
				DEFINES_MODULE = NO;
				DEVELOPMENT_ASSET_PATHS = "\"Viper Architecture/Preview Content\"";
				DEVELOPMENT_TEAM = 3HGJV364P5;
				ENABLE_PREVIEWS = YES;
				GENERATE_INFOPLIST_FILE = YES;
				INFOPLIST_FILE = "Viper-Architecture-Info.plist";
				INFOPLIST_KEY_LSApplicationCategoryType = "public.app-category.education";
				INFOPLIST_KEY_UIApplicationSupportsIndirectInputEvents = YES;
				INFOPLIST_KEY_UILaunchScreen_Generation = YES;
				INFOPLIST_KEY_UILaunchStoryboardName = "Launch Screen.storyboard";
				INFOPLIST_KEY_UISupportedInterfaceOrientations_iPad = "UIInterfaceOrientationPortrait UIInterfaceOrientationPortraitUpsideDown UIInterfaceOrientationLandscapeLeft UIInterfaceOrientationLandscapeRight";
				INFOPLIST_KEY_UISupportedInterfaceOrientations_iPhone = "UIInterfaceOrientationPortrait UIInterfaceOrientationLandscapeLeft UIInterfaceOrientationLandscapeRight";
				IPHONEOS_DEPLOYMENT_TARGET = 15.0;
				LD_RUNPATH_SEARCH_PATHS = (
					"$(inherited)",
					"@executable_path/Frameworks",
				);
				MARKETING_VERSION = 1.0;
				PRODUCT_BUNDLE_IDENTIFIER = "mahaarta.Viper-Architecture";
				PRODUCT_NAME = "$(TARGET_NAME)";
				SWIFT_EMIT_LOC_STRINGS = YES;
				SWIFT_VERSION = 5.0;
				TARGETED_DEVICE_FAMILY = "1,2";
			};
			name = Release;
		};
		08E957AF2B2C02AE006C31AF /* Debug */ = {
			isa = XCBuildConfiguration;
			buildSettings = {
				ALWAYS_EMBED_SWIFT_STANDARD_LIBRARIES = YES;
				BUNDLE_LOADER = "$(TEST_HOST)";
				CODE_SIGN_STYLE = Automatic;
				CURRENT_PROJECT_VERSION = 1;
				DEVELOPMENT_TEAM = 3HGJV364P5;
				GENERATE_INFOPLIST_FILE = YES;
				IPHONEOS_DEPLOYMENT_TARGET = 15.0;
				MARKETING_VERSION = 1.0;
				PRODUCT_BUNDLE_IDENTIFIER = "mahaarta.Viper-ArchitectureTests";
				PRODUCT_NAME = "$(TARGET_NAME)";
				SWIFT_EMIT_LOC_STRINGS = NO;
				SWIFT_VERSION = 5.0;
				TARGETED_DEVICE_FAMILY = "1,2";
				TEST_HOST = "$(BUILT_PRODUCTS_DIR)/Viper Architecture.app/$(BUNDLE_EXECUTABLE_FOLDER_PATH)/Viper Architecture";
			};
			name = Debug;
		};
		08E957B02B2C02AE006C31AF /* Release */ = {
			isa = XCBuildConfiguration;
			buildSettings = {
				ALWAYS_EMBED_SWIFT_STANDARD_LIBRARIES = YES;
				BUNDLE_LOADER = "$(TEST_HOST)";
				CODE_SIGN_STYLE = Automatic;
				CURRENT_PROJECT_VERSION = 1;
				DEVELOPMENT_TEAM = 3HGJV364P5;
				GENERATE_INFOPLIST_FILE = YES;
				IPHONEOS_DEPLOYMENT_TARGET = 15.0;
				MARKETING_VERSION = 1.0;
				PRODUCT_BUNDLE_IDENTIFIER = "mahaarta.Viper-ArchitectureTests";
				PRODUCT_NAME = "$(TARGET_NAME)";
				SWIFT_EMIT_LOC_STRINGS = NO;
				SWIFT_VERSION = 5.0;
				TARGETED_DEVICE_FAMILY = "1,2";
				TEST_HOST = "$(BUILT_PRODUCTS_DIR)/Viper Architecture.app/$(BUNDLE_EXECUTABLE_FOLDER_PATH)/Viper Architecture";
			};
			name = Release;
		};
		08E957B22B2C02AE006C31AF /* Debug */ = {
			isa = XCBuildConfiguration;
			buildSettings = {
				ALWAYS_EMBED_SWIFT_STANDARD_LIBRARIES = YES;
				CODE_SIGN_STYLE = Automatic;
				CURRENT_PROJECT_VERSION = 1;
				DEVELOPMENT_TEAM = 3HGJV364P5;
				GENERATE_INFOPLIST_FILE = YES;
				MARKETING_VERSION = 1.0;
				PRODUCT_BUNDLE_IDENTIFIER = "mahaarta.Viper-ArchitectureUITests";
				PRODUCT_NAME = "$(TARGET_NAME)";
				SWIFT_EMIT_LOC_STRINGS = NO;
				SWIFT_VERSION = 5.0;
				TARGETED_DEVICE_FAMILY = "1,2";
				TEST_TARGET_NAME = "Viper Architecture";
			};
			name = Debug;
		};
		08E957B32B2C02AE006C31AF /* Release */ = {
			isa = XCBuildConfiguration;
			buildSettings = {
				ALWAYS_EMBED_SWIFT_STANDARD_LIBRARIES = YES;
				CODE_SIGN_STYLE = Automatic;
				CURRENT_PROJECT_VERSION = 1;
				DEVELOPMENT_TEAM = 3HGJV364P5;
				GENERATE_INFOPLIST_FILE = YES;
				MARKETING_VERSION = 1.0;
				PRODUCT_BUNDLE_IDENTIFIER = "mahaarta.Viper-ArchitectureUITests";
				PRODUCT_NAME = "$(TARGET_NAME)";
				SWIFT_EMIT_LOC_STRINGS = NO;
				SWIFT_VERSION = 5.0;
				TARGETED_DEVICE_FAMILY = "1,2";
				TEST_TARGET_NAME = "Viper Architecture";
			};
			name = Release;
		};
/* End XCBuildConfiguration section */

/* Begin XCConfigurationList section */
		08E957822B2C02AD006C31AF /* Build configuration list for PBXProject "Viper Architecture" */ = {
			isa = XCConfigurationList;
			buildConfigurations = (
				08E957A92B2C02AE006C31AF /* Debug */,
				08E957AA2B2C02AE006C31AF /* Release */,
			);
			defaultConfigurationIsVisible = 0;
			defaultConfigurationName = Release;
		};
		08E957AB2B2C02AE006C31AF /* Build configuration list for PBXNativeTarget "Viper Architecture" */ = {
			isa = XCConfigurationList;
			buildConfigurations = (
				08E957AC2B2C02AE006C31AF /* Debug */,
				08E957AD2B2C02AE006C31AF /* Release */,
			);
			defaultConfigurationIsVisible = 0;
			defaultConfigurationName = Release;
		};
		08E957AE2B2C02AE006C31AF /* Build configuration list for PBXNativeTarget "Viper ArchitectureTests" */ = {
			isa = XCConfigurationList;
			buildConfigurations = (
				08E957AF2B2C02AE006C31AF /* Debug */,
				08E957B02B2C02AE006C31AF /* Release */,
			);
			defaultConfigurationIsVisible = 0;
			defaultConfigurationName = Release;
		};
		08E957B12B2C02AE006C31AF /* Build configuration list for PBXNativeTarget "Viper ArchitectureUITests" */ = {
			isa = XCConfigurationList;
			buildConfigurations = (
				08E957B22B2C02AE006C31AF /* Debug */,
				08E957B32B2C02AE006C31AF /* Release */,
			);
			defaultConfigurationIsVisible = 0;
			defaultConfigurationName = Release;
		};
/* End XCConfigurationList section */

/* Begin XCRemoteSwiftPackageReference section */
		08DDE3DE2B34282E002DAE21 /* XCRemoteSwiftPackageReference "Alamofire" */ = {
			isa = XCRemoteSwiftPackageReference;
			repositoryURL = "https://github.com/Alamofire/Alamofire.git";
			requirement = {
				kind = upToNextMajorVersion;
				minimumVersion = 5.8.1;
			};
		};
		08DDE3F62B342DA3002DAE21 /* XCRemoteSwiftPackageReference "RxSwift" */ = {
			isa = XCRemoteSwiftPackageReference;
			repositoryURL = "https://github.com/ReactiveX/RxSwift.git";
			requirement = {
				kind = upToNextMajorVersion;
				minimumVersion = 6.6.0;
			};
		};
/* End XCRemoteSwiftPackageReference section */

/* Begin XCSwiftPackageProductDependency section */
		084375EC2B4D304B0070B321 /* RxCocoa */ = {
			isa = XCSwiftPackageProductDependency;
			package = 08DDE3F62B342DA3002DAE21 /* XCRemoteSwiftPackageReference "RxSwift" */;
			productName = RxCocoa;
		};
		084375EE2B4D304B0070B321 /* RxCocoa-Dynamic */ = {
			isa = XCSwiftPackageProductDependency;
			package = 08DDE3F62B342DA3002DAE21 /* XCRemoteSwiftPackageReference "RxSwift" */;
			productName = "RxCocoa-Dynamic";
		};
		084375F22B4D30870070B321 /* RxCocoa */ = {
			isa = XCSwiftPackageProductDependency;
			package = 08DDE3F62B342DA3002DAE21 /* XCRemoteSwiftPackageReference "RxSwift" */;
			productName = RxCocoa;
		};
		084375F42B4D30870070B321 /* RxCocoa-Dynamic */ = {
			isa = XCSwiftPackageProductDependency;
			package = 08DDE3F62B342DA3002DAE21 /* XCRemoteSwiftPackageReference "RxSwift" */;
			productName = "RxCocoa-Dynamic";
		};
		087BE21D2B4BF4DF000731B7 /* RxTest */ = {
			isa = XCSwiftPackageProductDependency;
			package = 08DDE3F62B342DA3002DAE21 /* XCRemoteSwiftPackageReference "RxSwift" */;
			productName = RxTest;
		};
		087BE21F2B4BF4DF000731B7 /* RxTest-Dynamic */ = {
			isa = XCSwiftPackageProductDependency;
			package = 08DDE3F62B342DA3002DAE21 /* XCRemoteSwiftPackageReference "RxSwift" */;
			productName = "RxTest-Dynamic";
		};
		0897A0842B35ACDD00D4C8D9 /* RxTest */ = {
			isa = XCSwiftPackageProductDependency;
			package = 08DDE3F62B342DA3002DAE21 /* XCRemoteSwiftPackageReference "RxSwift" */;
			productName = RxTest;
		};
		0897A0862B35ACDD00D4C8D9 /* RxTest-Dynamic */ = {
			isa = XCSwiftPackageProductDependency;
			package = 08DDE3F62B342DA3002DAE21 /* XCRemoteSwiftPackageReference "RxSwift" */;
			productName = "RxTest-Dynamic";
		};
		08DDE3DF2B34282E002DAE21 /* Alamofire */ = {
			isa = XCSwiftPackageProductDependency;
			package = 08DDE3DE2B34282E002DAE21 /* XCRemoteSwiftPackageReference "Alamofire" */;
			productName = Alamofire;
		};
		08DDE3F72B342DA3002DAE21 /* RxCocoa */ = {
			isa = XCSwiftPackageProductDependency;
			package = 08DDE3F62B342DA3002DAE21 /* XCRemoteSwiftPackageReference "RxSwift" */;
			productName = RxCocoa;
		};
		08DDE3F92B342DA3002DAE21 /* RxCocoa-Dynamic */ = {
			isa = XCSwiftPackageProductDependency;
			package = 08DDE3F62B342DA3002DAE21 /* XCRemoteSwiftPackageReference "RxSwift" */;
			productName = "RxCocoa-Dynamic";
		};
		08DDE3FB2B342DA3002DAE21 /* RxRelay */ = {
			isa = XCSwiftPackageProductDependency;
			package = 08DDE3F62B342DA3002DAE21 /* XCRemoteSwiftPackageReference "RxSwift" */;
			productName = RxRelay;
		};
		08DDE3FD2B342DA3002DAE21 /* RxRelay-Dynamic */ = {
			isa = XCSwiftPackageProductDependency;
			package = 08DDE3F62B342DA3002DAE21 /* XCRemoteSwiftPackageReference "RxSwift" */;
			productName = "RxRelay-Dynamic";
		};
		08DDE3FF2B342DA3002DAE21 /* RxSwift */ = {
			isa = XCSwiftPackageProductDependency;
			package = 08DDE3F62B342DA3002DAE21 /* XCRemoteSwiftPackageReference "RxSwift" */;
			productName = RxSwift;
		};
		08DDE4012B342DA3002DAE21 /* RxSwift-Dynamic */ = {
			isa = XCSwiftPackageProductDependency;
			package = 08DDE3F62B342DA3002DAE21 /* XCRemoteSwiftPackageReference "RxSwift" */;
			productName = "RxSwift-Dynamic";
		};
/* End XCSwiftPackageProductDependency section */
	};
	rootObject = 08E9577F2B2C02AD006C31AF /* Project object */;
}
